// !$*UTF8*$!
{
	archiveVersion = 1;
	classes = {
	};
	objectVersion = 46;
	objects = {

/* Begin PBXBuildFile section */
		7D1142B61BD4825200F32275 /* MJRefreshAutoFooter.m in Sources */ = {isa = PBXBuildFile; fileRef = 7D1142831BD4825200F32275 /* MJRefreshAutoFooter.m */; settings = {ASSET_TAGS = (); }; };
		7D1142B71BD4825200F32275 /* MJRefreshBackFooter.m in Sources */ = {isa = PBXBuildFile; fileRef = 7D1142851BD4825200F32275 /* MJRefreshBackFooter.m */; settings = {ASSET_TAGS = (); }; };
		7D1142B81BD4825200F32275 /* MJRefreshComponent.m in Sources */ = {isa = PBXBuildFile; fileRef = 7D1142871BD4825200F32275 /* MJRefreshComponent.m */; settings = {ASSET_TAGS = (); }; };
		7D1142B91BD4825200F32275 /* MJRefreshFooter.m in Sources */ = {isa = PBXBuildFile; fileRef = 7D1142891BD4825200F32275 /* MJRefreshFooter.m */; settings = {ASSET_TAGS = (); }; };
		7D1142BA1BD4825200F32275 /* MJRefreshHeader.m in Sources */ = {isa = PBXBuildFile; fileRef = 7D11428B1BD4825200F32275 /* MJRefreshHeader.m */; settings = {ASSET_TAGS = (); }; };
		7D1142BB1BD4825200F32275 /* MJRefreshAutoGifFooter.m in Sources */ = {isa = PBXBuildFile; fileRef = 7D1142901BD4825200F32275 /* MJRefreshAutoGifFooter.m */; settings = {ASSET_TAGS = (); }; };
		7D1142BC1BD4825200F32275 /* MJRefreshAutoNormalFooter.m in Sources */ = {isa = PBXBuildFile; fileRef = 7D1142921BD4825200F32275 /* MJRefreshAutoNormalFooter.m */; settings = {ASSET_TAGS = (); }; };
		7D1142BD1BD4825200F32275 /* MJRefreshAutoStateFooter.m in Sources */ = {isa = PBXBuildFile; fileRef = 7D1142941BD4825200F32275 /* MJRefreshAutoStateFooter.m */; settings = {ASSET_TAGS = (); }; };
		7D1142BE1BD4825200F32275 /* MJRefreshBackGifFooter.m in Sources */ = {isa = PBXBuildFile; fileRef = 7D1142971BD4825200F32275 /* MJRefreshBackGifFooter.m */; settings = {ASSET_TAGS = (); }; };
		7D1142BF1BD4825200F32275 /* MJRefreshBackNormalFooter.m in Sources */ = {isa = PBXBuildFile; fileRef = 7D1142991BD4825200F32275 /* MJRefreshBackNormalFooter.m */; settings = {ASSET_TAGS = (); }; };
		7D1142C01BD4825200F32275 /* MJRefreshBackStateFooter.m in Sources */ = {isa = PBXBuildFile; fileRef = 7D11429B1BD4825200F32275 /* MJRefreshBackStateFooter.m */; settings = {ASSET_TAGS = (); }; };
		7D1142C11BD4825200F32275 /* MJRefreshGifHeader.m in Sources */ = {isa = PBXBuildFile; fileRef = 7D11429E1BD4825200F32275 /* MJRefreshGifHeader.m */; settings = {ASSET_TAGS = (); }; };
		7D1142C21BD4825200F32275 /* MJRefreshNormalHeader.m in Sources */ = {isa = PBXBuildFile; fileRef = 7D1142A01BD4825200F32275 /* MJRefreshNormalHeader.m */; settings = {ASSET_TAGS = (); }; };
		7D1142C31BD4825200F32275 /* MJRefreshStateHeader.m in Sources */ = {isa = PBXBuildFile; fileRef = 7D1142A21BD4825200F32275 /* MJRefreshStateHeader.m */; settings = {ASSET_TAGS = (); }; };
		7D1142C41BD4825200F32275 /* MJRefresh.bundle in Resources */ = {isa = PBXBuildFile; fileRef = 7D1142A31BD4825200F32275 /* MJRefresh.bundle */; settings = {ASSET_TAGS = (); }; };
		7D1142C51BD4825200F32275 /* MJRefreshConst.m in Sources */ = {isa = PBXBuildFile; fileRef = 7D1142A61BD4825200F32275 /* MJRefreshConst.m */; settings = {ASSET_TAGS = (); }; };
		7D1142C61BD4825200F32275 /* UIScrollView+MJExtension.m in Sources */ = {isa = PBXBuildFile; fileRef = 7D1142A81BD4825200F32275 /* UIScrollView+MJExtension.m */; settings = {ASSET_TAGS = (); }; };
		7D1142C71BD4825200F32275 /* UIScrollView+MJRefresh.m in Sources */ = {isa = PBXBuildFile; fileRef = 7D1142AA1BD4825200F32275 /* UIScrollView+MJRefresh.m */; settings = {ASSET_TAGS = (); }; };
		7D1142C81BD4825200F32275 /* UIView+MJExtension.m in Sources */ = {isa = PBXBuildFile; fileRef = 7D1142AC1BD4825200F32275 /* UIView+MJExtension.m */; settings = {ASSET_TAGS = (); }; };
		7D1142C91BD4825200F32275 /* SVIndefiniteAnimatedView.m in Sources */ = {isa = PBXBuildFile; fileRef = 7D1142AF1BD4825200F32275 /* SVIndefiniteAnimatedView.m */; settings = {ASSET_TAGS = (); }; };
		7D1142CA1BD4825200F32275 /* SVProgressHUD.bundle in Resources */ = {isa = PBXBuildFile; fileRef = 7D1142B11BD4825200F32275 /* SVProgressHUD.bundle */; settings = {ASSET_TAGS = (); }; };
		7D1142CB1BD4825200F32275 /* SVProgressHUD.m in Sources */ = {isa = PBXBuildFile; fileRef = 7D1142B31BD4825200F32275 /* SVProgressHUD.m */; settings = {ASSET_TAGS = (); }; };
		7D1142CC1BD4825200F32275 /* SVRadialGradientLayer.m in Sources */ = {isa = PBXBuildFile; fileRef = 7D1142B51BD4825200F32275 /* SVRadialGradientLayer.m */; settings = {ASSET_TAGS = (); }; };
		7D1142CE1BD4C3FF00F32275 /* ClassifyModel.swift in Sources */ = {isa = PBXBuildFile; fileRef = 7D1142CD1BD4C3FF00F32275 /* ClassifyModel.swift */; settings = {ASSET_TAGS = (); }; };
		7D13FEBB1BD0DA69004CA0F7 /* SDRefreshHeader.swift in Sources */ = {isa = PBXBuildFile; fileRef = 7D13FEBA1BD0DA69004CA0F7 /* SDRefreshHeader.swift */; settings = {ASSET_TAGS = (); }; };
		7D13FF0D1BD0F10E004CA0F7 /* nearCell.swift in Sources */ = {isa = PBXBuildFile; fileRef = 7D13FF091BD0F10E004CA0F7 /* nearCell.swift */; settings = {ASSET_TAGS = (); }; };
		7D13FF0E1BD0F10E004CA0F7 /* nearCell.xib in Resources */ = {isa = PBXBuildFile; fileRef = 7D13FF0A1BD0F10E004CA0F7 /* nearCell.xib */; settings = {ASSET_TAGS = (); }; };
		7D13FF0F1BD0F10E004CA0F7 /* ThemeCell.swift in Sources */ = {isa = PBXBuildFile; fileRef = 7D13FF0B1BD0F10E004CA0F7 /* ThemeCell.swift */; settings = {ASSET_TAGS = (); }; };
		7D13FF101BD0F10E004CA0F7 /* ThemeCell.xib in Resources */ = {isa = PBXBuildFile; fileRef = 7D13FF0C1BD0F10E004CA0F7 /* ThemeCell.xib */; settings = {ASSET_TAGS = (); }; };
		7D13FF131BD0F120004CA0F7 /* EventCellTableViewCell.swift in Sources */ = {isa = PBXBuildFile; fileRef = 7D13FF111BD0F120004CA0F7 /* EventCellTableViewCell.swift */; settings = {ASSET_TAGS = (); }; };
		7D13FF141BD0F120004CA0F7 /* EventCellTableViewCell.xib in Resources */ = {isa = PBXBuildFile; fileRef = 7D13FF121BD0F120004CA0F7 /* EventCellTableViewCell.xib */; settings = {ASSET_TAGS = (); }; };
		7D13FF201BD0F4B4004CA0F7 /* 798 in Resources */ = {isa = PBXBuildFile; fileRef = 7D13FF161BD0F4B4004CA0F7 /* 798 */; settings = {ASSET_TAGS = (); }; };
		7D13FF211BD0F4B4004CA0F7 /* Classify in Resources */ = {isa = PBXBuildFile; fileRef = 7D13FF171BD0F4B4004CA0F7 /* Classify */; settings = {ASSET_TAGS = (); }; };
		7D13FF221BD0F4B4004CA0F7 /* Details in Resources */ = {isa = PBXBuildFile; fileRef = 7D13FF181BD0F4B4004CA0F7 /* Details */; settings = {ASSET_TAGS = (); }; };
		7D13FF231BD0F4B4004CA0F7 /* events in Resources */ = {isa = PBXBuildFile; fileRef = 7D13FF191BD0F4B4004CA0F7 /* events */; settings = {ASSET_TAGS = (); }; };
		7D13FF241BD0F4B4004CA0F7 /* Experience in Resources */ = {isa = PBXBuildFile; fileRef = 7D13FF1A1BD0F4B4004CA0F7 /* Experience */; settings = {ASSET_TAGS = (); }; };
		7D13FF251BD0F4B4004CA0F7 /* More in Resources */ = {isa = PBXBuildFile; fileRef = 7D13FF1B1BD0F4B4004CA0F7 /* More */; settings = {ASSET_TAGS = (); }; };
		7D13FF261BD0F4B4004CA0F7 /* Nears in Resources */ = {isa = PBXBuildFile; fileRef = 7D13FF1C1BD0F4B4004CA0F7 /* Nears */; settings = {ASSET_TAGS = (); }; };
		7D13FF271BD0F4B4004CA0F7 /* themes in Resources */ = {isa = PBXBuildFile; fileRef = 7D13FF1D1BD0F4B4004CA0F7 /* themes */; settings = {ASSET_TAGS = (); }; };
		7D13FF281BD0F4B4004CA0F7 /* 三里屯 in Resources */ = {isa = PBXBuildFile; fileRef = 7D13FF1E1BD0F4B4004CA0F7 /* 三里屯 */; settings = {ASSET_TAGS = (); }; };
		7D13FF291BD0F4B4004CA0F7 /* 南锣鼓巷 in Resources */ = {isa = PBXBuildFile; fileRef = 7D13FF1F1BD0F4B4004CA0F7 /* 南锣鼓巷 */; settings = {ASSET_TAGS = (); }; };
		7D32D5D41BCF907B00ADA327 /* EveryDayModel.swift in Sources */ = {isa = PBXBuildFile; fileRef = 7D32D5D31BCF907B00ADA327 /* EveryDayModel.swift */; settings = {ASSET_TAGS = (); }; };
		7D32D5D61BCFA76F00ADA327 /* DictModelManager.swift in Sources */ = {isa = PBXBuildFile; fileRef = 7D32D5D51BCFA76F00ADA327 /* DictModelManager.swift */; settings = {ASSET_TAGS = (); }; };
		7D4910051BC8BCC60053C0AA /* Main.storyboard in Resources */ = {isa = PBXBuildFile; fileRef = 7D4910031BC8BCC60053C0AA /* Main.storyboard */; };
		7D4910071BC8BCC60053C0AA /* Assets.xcassets in Resources */ = {isa = PBXBuildFile; fileRef = 7D4910061BC8BCC60053C0AA /* Assets.xcassets */; };
		7D49100A1BC8BCC60053C0AA /* LaunchScreen.storyboard in Resources */ = {isa = PBXBuildFile; fileRef = 7D4910081BC8BCC60053C0AA /* LaunchScreen.storyboard */; };
		7D4910151BC8BCC60053C0AA /* mSmallDayTests.swift in Sources */ = {isa = PBXBuildFile; fileRef = 7D4910141BC8BCC60053C0AA /* mSmallDayTests.swift */; };
		7D4910201BC8BCC60053C0AA /* mSmallDayUITests.swift in Sources */ = {isa = PBXBuildFile; fileRef = 7D49101F1BC8BCC60053C0AA /* mSmallDayUITests.swift */; };
		7D4910361BC8BF970053C0AA /* AppDelegate.swift in Sources */ = {isa = PBXBuildFile; fileRef = 7D4910351BC8BF970053C0AA /* AppDelegate.swift */; settings = {ASSET_TAGS = (); }; };
		7D4B2D3E1BD4D5D6007A8A42 /* String+extension.swift in Sources */ = {isa = PBXBuildFile; fileRef = 7D4B2D3D1BD4D5D6007A8A42 /* String+extension.swift */; settings = {ASSET_TAGS = (); }; };
		7D4B2D411BD4D9F5007A8A42 /* RegExCategories.m in Sources */ = {isa = PBXBuildFile; fileRef = 7D4B2D401BD4D9F5007A8A42 /* RegExCategories.m */; settings = {ASSET_TAGS = (); }; };
		7D4B2D431BD4EA4B007A8A42 /* ThemeViewController.swift in Sources */ = {isa = PBXBuildFile; fileRef = 7D4B2D421BD4EA4B007A8A42 /* ThemeViewController.swift */; settings = {ASSET_TAGS = (); }; };
		7DADD1991BCBB3980056DED4 /* CityViewController.swift in Sources */ = {isa = PBXBuildFile; fileRef = 7DADD1981BCBB3980056DED4 /* CityViewController.swift */; settings = {ASSET_TAGS = (); }; };
		7DADD19B1BCBB4080056DED4 /* CityCollectionViewCell.swift in Sources */ = {isa = PBXBuildFile; fileRef = 7DADD19A1BCBB4080056DED4 /* CityCollectionViewCell.swift */; settings = {ASSET_TAGS = (); }; };
		7DADD19D1BCBB5A90056DED4 /* CityHeadCollectionReusableView.swift in Sources */ = {isa = PBXBuildFile; fileRef = 7DADD19C1BCBB5A90056DED4 /* CityHeadCollectionReusableView.swift */; settings = {ASSET_TAGS = (); }; };
		7DB3B5611BC8DE1D008CAD7F /* Macros.swift in Sources */ = {isa = PBXBuildFile; fileRef = 7DB3B5601BC8DE1D008CAD7F /* Macros.swift */; settings = {ASSET_TAGS = (); }; };
		7DB3B5631BC8E038008CAD7F /* UIColor+extension.swift in Sources */ = {isa = PBXBuildFile; fileRef = 7DB3B5621BC8E038008CAD7F /* UIColor+extension.swift */; settings = {ASSET_TAGS = (); }; };
		7DB3B5651BC900BA008CAD7F /* Theme.swift in Sources */ = {isa = PBXBuildFile; fileRef = 7DB3B5641BC900BA008CAD7F /* Theme.swift */; settings = {ASSET_TAGS = (); }; };
		7DB3B5671BC9045C008CAD7F /* UserInfoManager.swift in Sources */ = {isa = PBXBuildFile; fileRef = 7DB3B5661BC9045C008CAD7F /* UserInfoManager.swift */; settings = {ASSET_TAGS = (); }; };
		7DB3B56F1BC90978008CAD7F /* LeadpageViewController.swift in Sources */ = {isa = PBXBuildFile; fileRef = 7DB3B56E1BC90978008CAD7F /* LeadpageViewController.swift */; settings = {ASSET_TAGS = (); }; };
		7DB3B5711BC909A1008CAD7F /* MainTabBarController.swift in Sources */ = {isa = PBXBuildFile; fileRef = 7DB3B5701BC909A1008CAD7F /* MainTabBarController.swift */; settings = {ASSET_TAGS = (); }; };
		7DB3B5771BC90E93008CAD7F /* fourpage-375w-667h@2x.jpg in Resources */ = {isa = PBXBuildFile; fileRef = 7DB3B5731BC90E93008CAD7F /* fourpage-375w-667h@2x.jpg */; settings = {ASSET_TAGS = (); }; };
		7DB3B5781BC90E93008CAD7F /* fourpage-414w-736h@3x.jpg in Resources */ = {isa = PBXBuildFile; fileRef = 7DB3B5741BC90E93008CAD7F /* fourpage-414w-736h@3x.jpg */; settings = {ASSET_TAGS = (); }; };
		7DB3B5791BC90E93008CAD7F /* fourpage-568h@2x.jpg in Resources */ = {isa = PBXBuildFile; fileRef = 7DB3B5751BC90E93008CAD7F /* fourpage-568h@2x.jpg */; settings = {ASSET_TAGS = (); }; };
		7DB3B57A1BC90E93008CAD7F /* fourpage@2x.jpg in Resources */ = {isa = PBXBuildFile; fileRef = 7DB3B5761BC90E93008CAD7F /* fourpage@2x.jpg */; settings = {ASSET_TAGS = (); }; };
		7DB3B57C1BC91607008CAD7F /* MainNavigationController.swift in Sources */ = {isa = PBXBuildFile; fileRef = 7DB3B57B1BC91607008CAD7F /* MainNavigationController.swift */; settings = {ASSET_TAGS = (); }; };
		7DEE6D691BCB50E200B8FA77 /* ExploreViewController.swift in Sources */ = {isa = PBXBuildFile; fileRef = 7DEE6D681BCB50E200B8FA77 /* ExploreViewController.swift */; settings = {ASSET_TAGS = (); }; };
		7DEE6D6B1BCB50F800B8FA77 /* ExperienceViewController.swift in Sources */ = {isa = PBXBuildFile; fileRef = 7DEE6D6A1BCB50F800B8FA77 /* ExperienceViewController.swift */; settings = {ASSET_TAGS = (); }; };
		7DEE6D6D1BCB510C00B8FA77 /* ClassifyViewController.swift in Sources */ = {isa = PBXBuildFile; fileRef = 7DEE6D6C1BCB510C00B8FA77 /* ClassifyViewController.swift */; settings = {ASSET_TAGS = (); }; };
		7DEE6D6F1BCB511800B8FA77 /* MeViewController.swift in Sources */ = {isa = PBXBuildFile; fileRef = 7DEE6D6E1BCB511800B8FA77 /* MeViewController.swift */; settings = {ASSET_TAGS = (); }; };
		7DEE6D711BCB569100B8FA77 /* MainViewController.swift in Sources */ = {isa = PBXBuildFile; fileRef = 7DEE6D701BCB569100B8FA77 /* MainViewController.swift */; settings = {ASSET_TAGS = (); }; };
		7DEE6D731BCB58CA00B8FA77 /* UIView+extension.swift in Sources */ = {isa = PBXBuildFile; fileRef = 7DEE6D721BCB58CA00B8FA77 /* UIView+extension.swift */; settings = {ASSET_TAGS = (); }; };
		7DEE7B891BD4ED520042B602 /* YJHMapView.swift in Sources */ = {isa = PBXBuildFile; fileRef = 7DEE7B881BD4ED520042B602 /* YJHMapView.swift */; settings = {ASSET_TAGS = (); }; };
		7DF345651BCCB33F00A67942 /* UIBarButtonItem+extension.swift in Sources */ = {isa = PBXBuildFile; fileRef = 7DF345641BCCB33F00A67942 /* UIBarButtonItem+extension.swift */; settings = {ASSET_TAGS = (); }; };
		7DF345671BCCDB9100A67942 /* NearbyViewController.swift in Sources */ = {isa = PBXBuildFile; fileRef = 7DF345661BCCDB9100A67942 /* NearbyViewController.swift */; settings = {ASSET_TAGS = (); }; };
		7DF3456A1BCCDC7E00A67942 /* DoubleTextView.swift in Sources */ = {isa = PBXBuildFile; fileRef = 7DF345691BCCDC7E00A67942 /* DoubleTextView.swift */; settings = {ASSET_TAGS = (); }; };
		EAC50E5E87C437E3891B4215 /* Pods.framework in Frameworks */ = {isa = PBXBuildFile; fileRef = 3C05A2FF896AA102BFA3F469 /* Pods.framework */; settings = {ATTRIBUTES = (Weak, ); }; };
/* End PBXBuildFile section */

/* Begin PBXContainerItemProxy section */
		7D4910111BC8BCC60053C0AA /* PBXContainerItemProxy */ = {
			isa = PBXContainerItemProxy;
			containerPortal = 7D490FF41BC8BCC60053C0AA /* Project object */;
			proxyType = 1;
			remoteGlobalIDString = 7D490FFB1BC8BCC60053C0AA;
			remoteInfo = mSmallDay;
		};
		7D49101C1BC8BCC60053C0AA /* PBXContainerItemProxy */ = {
			isa = PBXContainerItemProxy;
			containerPortal = 7D490FF41BC8BCC60053C0AA /* Project object */;
			proxyType = 1;
			remoteGlobalIDString = 7D490FFB1BC8BCC60053C0AA;
			remoteInfo = mSmallDay;
		};
/* End PBXContainerItemProxy section */

/* Begin PBXFileReference section */
		0545ABA053795985DC037FAD /* Pods.debug.xcconfig */ = {isa = PBXFileReference; includeInIndex = 1; lastKnownFileType = text.xcconfig; name = Pods.debug.xcconfig; path = "Pods/Target Support Files/Pods/Pods.debug.xcconfig"; sourceTree = "<group>"; };
		3C05A2FF896AA102BFA3F469 /* Pods.framework */ = {isa = PBXFileReference; explicitFileType = wrapper.framework; includeInIndex = 0; path = Pods.framework; sourceTree = BUILT_PRODUCTS_DIR; };
		7D1142821BD4825200F32275 /* MJRefreshAutoFooter.h */ = {isa = PBXFileReference; fileEncoding = 4; lastKnownFileType = sourcecode.c.h; path = MJRefreshAutoFooter.h; sourceTree = "<group>"; };
		7D1142831BD4825200F32275 /* MJRefreshAutoFooter.m */ = {isa = PBXFileReference; fileEncoding = 4; lastKnownFileType = sourcecode.c.objc; path = MJRefreshAutoFooter.m; sourceTree = "<group>"; };
		7D1142841BD4825200F32275 /* MJRefreshBackFooter.h */ = {isa = PBXFileReference; fileEncoding = 4; lastKnownFileType = sourcecode.c.h; path = MJRefreshBackFooter.h; sourceTree = "<group>"; };
		7D1142851BD4825200F32275 /* MJRefreshBackFooter.m */ = {isa = PBXFileReference; fileEncoding = 4; lastKnownFileType = sourcecode.c.objc; path = MJRefreshBackFooter.m; sourceTree = "<group>"; };
		7D1142861BD4825200F32275 /* MJRefreshComponent.h */ = {isa = PBXFileReference; fileEncoding = 4; lastKnownFileType = sourcecode.c.h; path = MJRefreshComponent.h; sourceTree = "<group>"; };
		7D1142871BD4825200F32275 /* MJRefreshComponent.m */ = {isa = PBXFileReference; fileEncoding = 4; lastKnownFileType = sourcecode.c.objc; path = MJRefreshComponent.m; sourceTree = "<group>"; };
		7D1142881BD4825200F32275 /* MJRefreshFooter.h */ = {isa = PBXFileReference; fileEncoding = 4; lastKnownFileType = sourcecode.c.h; path = MJRefreshFooter.h; sourceTree = "<group>"; };
		7D1142891BD4825200F32275 /* MJRefreshFooter.m */ = {isa = PBXFileReference; fileEncoding = 4; lastKnownFileType = sourcecode.c.objc; path = MJRefreshFooter.m; sourceTree = "<group>"; };
		7D11428A1BD4825200F32275 /* MJRefreshHeader.h */ = {isa = PBXFileReference; fileEncoding = 4; lastKnownFileType = sourcecode.c.h; path = MJRefreshHeader.h; sourceTree = "<group>"; };
		7D11428B1BD4825200F32275 /* MJRefreshHeader.m */ = {isa = PBXFileReference; fileEncoding = 4; lastKnownFileType = sourcecode.c.objc; path = MJRefreshHeader.m; sourceTree = "<group>"; };
		7D11428F1BD4825200F32275 /* MJRefreshAutoGifFooter.h */ = {isa = PBXFileReference; fileEncoding = 4; lastKnownFileType = sourcecode.c.h; path = MJRefreshAutoGifFooter.h; sourceTree = "<group>"; };
		7D1142901BD4825200F32275 /* MJRefreshAutoGifFooter.m */ = {isa = PBXFileReference; fileEncoding = 4; lastKnownFileType = sourcecode.c.objc; path = MJRefreshAutoGifFooter.m; sourceTree = "<group>"; };
		7D1142911BD4825200F32275 /* MJRefreshAutoNormalFooter.h */ = {isa = PBXFileReference; fileEncoding = 4; lastKnownFileType = sourcecode.c.h; path = MJRefreshAutoNormalFooter.h; sourceTree = "<group>"; };
		7D1142921BD4825200F32275 /* MJRefreshAutoNormalFooter.m */ = {isa = PBXFileReference; fileEncoding = 4; lastKnownFileType = sourcecode.c.objc; path = MJRefreshAutoNormalFooter.m; sourceTree = "<group>"; };
		7D1142931BD4825200F32275 /* MJRefreshAutoStateFooter.h */ = {isa = PBXFileReference; fileEncoding = 4; lastKnownFileType = sourcecode.c.h; path = MJRefreshAutoStateFooter.h; sourceTree = "<group>"; };
		7D1142941BD4825200F32275 /* MJRefreshAutoStateFooter.m */ = {isa = PBXFileReference; fileEncoding = 4; lastKnownFileType = sourcecode.c.objc; path = MJRefreshAutoStateFooter.m; sourceTree = "<group>"; };
		7D1142961BD4825200F32275 /* MJRefreshBackGifFooter.h */ = {isa = PBXFileReference; fileEncoding = 4; lastKnownFileType = sourcecode.c.h; path = MJRefreshBackGifFooter.h; sourceTree = "<group>"; };
		7D1142971BD4825200F32275 /* MJRefreshBackGifFooter.m */ = {isa = PBXFileReference; fileEncoding = 4; lastKnownFileType = sourcecode.c.objc; path = MJRefreshBackGifFooter.m; sourceTree = "<group>"; };
		7D1142981BD4825200F32275 /* MJRefreshBackNormalFooter.h */ = {isa = PBXFileReference; fileEncoding = 4; lastKnownFileType = sourcecode.c.h; path = MJRefreshBackNormalFooter.h; sourceTree = "<group>"; };
		7D1142991BD4825200F32275 /* MJRefreshBackNormalFooter.m */ = {isa = PBXFileReference; fileEncoding = 4; lastKnownFileType = sourcecode.c.objc; path = MJRefreshBackNormalFooter.m; sourceTree = "<group>"; };
		7D11429A1BD4825200F32275 /* MJRefreshBackStateFooter.h */ = {isa = PBXFileReference; fileEncoding = 4; lastKnownFileType = sourcecode.c.h; path = MJRefreshBackStateFooter.h; sourceTree = "<group>"; };
		7D11429B1BD4825200F32275 /* MJRefreshBackStateFooter.m */ = {isa = PBXFileReference; fileEncoding = 4; lastKnownFileType = sourcecode.c.objc; path = MJRefreshBackStateFooter.m; sourceTree = "<group>"; };
		7D11429D1BD4825200F32275 /* MJRefreshGifHeader.h */ = {isa = PBXFileReference; fileEncoding = 4; lastKnownFileType = sourcecode.c.h; path = MJRefreshGifHeader.h; sourceTree = "<group>"; };
		7D11429E1BD4825200F32275 /* MJRefreshGifHeader.m */ = {isa = PBXFileReference; fileEncoding = 4; lastKnownFileType = sourcecode.c.objc; path = MJRefreshGifHeader.m; sourceTree = "<group>"; };
		7D11429F1BD4825200F32275 /* MJRefreshNormalHeader.h */ = {isa = PBXFileReference; fileEncoding = 4; lastKnownFileType = sourcecode.c.h; path = MJRefreshNormalHeader.h; sourceTree = "<group>"; };
		7D1142A01BD4825200F32275 /* MJRefreshNormalHeader.m */ = {isa = PBXFileReference; fileEncoding = 4; lastKnownFileType = sourcecode.c.objc; path = MJRefreshNormalHeader.m; sourceTree = "<group>"; };
		7D1142A11BD4825200F32275 /* MJRefreshStateHeader.h */ = {isa = PBXFileReference; fileEncoding = 4; lastKnownFileType = sourcecode.c.h; path = MJRefreshStateHeader.h; sourceTree = "<group>"; };
		7D1142A21BD4825200F32275 /* MJRefreshStateHeader.m */ = {isa = PBXFileReference; fileEncoding = 4; lastKnownFileType = sourcecode.c.objc; path = MJRefreshStateHeader.m; sourceTree = "<group>"; };
		7D1142A31BD4825200F32275 /* MJRefresh.bundle */ = {isa = PBXFileReference; lastKnownFileType = "wrapper.plug-in"; path = MJRefresh.bundle; sourceTree = "<group>"; };
		7D1142A41BD4825200F32275 /* MJRefresh.h */ = {isa = PBXFileReference; fileEncoding = 4; lastKnownFileType = sourcecode.c.h; path = MJRefresh.h; sourceTree = "<group>"; };
		7D1142A51BD4825200F32275 /* MJRefreshConst.h */ = {isa = PBXFileReference; fileEncoding = 4; lastKnownFileType = sourcecode.c.h; path = MJRefreshConst.h; sourceTree = "<group>"; };
		7D1142A61BD4825200F32275 /* MJRefreshConst.m */ = {isa = PBXFileReference; fileEncoding = 4; lastKnownFileType = sourcecode.c.objc; path = MJRefreshConst.m; sourceTree = "<group>"; };
		7D1142A71BD4825200F32275 /* UIScrollView+MJExtension.h */ = {isa = PBXFileReference; fileEncoding = 4; lastKnownFileType = sourcecode.c.h; path = "UIScrollView+MJExtension.h"; sourceTree = "<group>"; };
		7D1142A81BD4825200F32275 /* UIScrollView+MJExtension.m */ = {isa = PBXFileReference; fileEncoding = 4; lastKnownFileType = sourcecode.c.objc; path = "UIScrollView+MJExtension.m"; sourceTree = "<group>"; };
		7D1142A91BD4825200F32275 /* UIScrollView+MJRefresh.h */ = {isa = PBXFileReference; fileEncoding = 4; lastKnownFileType = sourcecode.c.h; path = "UIScrollView+MJRefresh.h"; sourceTree = "<group>"; };
		7D1142AA1BD4825200F32275 /* UIScrollView+MJRefresh.m */ = {isa = PBXFileReference; fileEncoding = 4; lastKnownFileType = sourcecode.c.objc; path = "UIScrollView+MJRefresh.m"; sourceTree = "<group>"; };
		7D1142AB1BD4825200F32275 /* UIView+MJExtension.h */ = {isa = PBXFileReference; fileEncoding = 4; lastKnownFileType = sourcecode.c.h; path = "UIView+MJExtension.h"; sourceTree = "<group>"; };
		7D1142AC1BD4825200F32275 /* UIView+MJExtension.m */ = {isa = PBXFileReference; fileEncoding = 4; lastKnownFileType = sourcecode.c.objc; path = "UIView+MJExtension.m"; sourceTree = "<group>"; };
		7D1142AE1BD4825200F32275 /* SVIndefiniteAnimatedView.h */ = {isa = PBXFileReference; fileEncoding = 4; lastKnownFileType = sourcecode.c.h; path = SVIndefiniteAnimatedView.h; sourceTree = "<group>"; };
		7D1142AF1BD4825200F32275 /* SVIndefiniteAnimatedView.m */ = {isa = PBXFileReference; fileEncoding = 4; lastKnownFileType = sourcecode.c.objc; path = SVIndefiniteAnimatedView.m; sourceTree = "<group>"; };
		7D1142B01BD4825200F32275 /* SVProgressHUD-Prefix.pch */ = {isa = PBXFileReference; fileEncoding = 4; lastKnownFileType = sourcecode.c.h; path = "SVProgressHUD-Prefix.pch"; sourceTree = "<group>"; };
		7D1142B11BD4825200F32275 /* SVProgressHUD.bundle */ = {isa = PBXFileReference; lastKnownFileType = "wrapper.plug-in"; path = SVProgressHUD.bundle; sourceTree = "<group>"; };
		7D1142B21BD4825200F32275 /* SVProgressHUD.h */ = {isa = PBXFileReference; fileEncoding = 4; lastKnownFileType = sourcecode.c.h; path = SVProgressHUD.h; sourceTree = "<group>"; };
		7D1142B31BD4825200F32275 /* SVProgressHUD.m */ = {isa = PBXFileReference; fileEncoding = 4; lastKnownFileType = sourcecode.c.objc; path = SVProgressHUD.m; sourceTree = "<group>"; };
		7D1142B41BD4825200F32275 /* SVRadialGradientLayer.h */ = {isa = PBXFileReference; fileEncoding = 4; lastKnownFileType = sourcecode.c.h; path = SVRadialGradientLayer.h; sourceTree = "<group>"; };
		7D1142B51BD4825200F32275 /* SVRadialGradientLayer.m */ = {isa = PBXFileReference; fileEncoding = 4; lastKnownFileType = sourcecode.c.objc; path = SVRadialGradientLayer.m; sourceTree = "<group>"; };
		7D1142CD1BD4C3FF00F32275 /* ClassifyModel.swift */ = {isa = PBXFileReference; fileEncoding = 4; lastKnownFileType = sourcecode.swift; path = ClassifyModel.swift; sourceTree = "<group>"; };
		7D13FEBA1BD0DA69004CA0F7 /* SDRefreshHeader.swift */ = {isa = PBXFileReference; fileEncoding = 4; lastKnownFileType = sourcecode.swift; path = SDRefreshHeader.swift; sourceTree = "<group>"; };
		7D13FF091BD0F10E004CA0F7 /* nearCell.swift */ = {isa = PBXFileReference; fileEncoding = 4; lastKnownFileType = sourcecode.swift; path = nearCell.swift; sourceTree = "<group>"; };
		7D13FF0A1BD0F10E004CA0F7 /* nearCell.xib */ = {isa = PBXFileReference; fileEncoding = 4; lastKnownFileType = file.xib; path = nearCell.xib; sourceTree = "<group>"; };
		7D13FF0B1BD0F10E004CA0F7 /* ThemeCell.swift */ = {isa = PBXFileReference; fileEncoding = 4; lastKnownFileType = sourcecode.swift; path = ThemeCell.swift; sourceTree = "<group>"; };
		7D13FF0C1BD0F10E004CA0F7 /* ThemeCell.xib */ = {isa = PBXFileReference; fileEncoding = 4; lastKnownFileType = file.xib; path = ThemeCell.xib; sourceTree = "<group>"; };
		7D13FF111BD0F120004CA0F7 /* EventCellTableViewCell.swift */ = {isa = PBXFileReference; fileEncoding = 4; lastKnownFileType = sourcecode.swift; path = EventCellTableViewCell.swift; sourceTree = "<group>"; };
		7D13FF121BD0F120004CA0F7 /* EventCellTableViewCell.xib */ = {isa = PBXFileReference; fileEncoding = 4; lastKnownFileType = file.xib; path = EventCellTableViewCell.xib; sourceTree = "<group>"; };
		7D13FF161BD0F4B4004CA0F7 /* 798 */ = {isa = PBXFileReference; fileEncoding = 4; lastKnownFileType = text; path = 798; sourceTree = "<group>"; };
		7D13FF171BD0F4B4004CA0F7 /* Classify */ = {isa = PBXFileReference; fileEncoding = 4; lastKnownFileType = text; path = Classify; sourceTree = "<group>"; };
		7D13FF181BD0F4B4004CA0F7 /* Details */ = {isa = PBXFileReference; fileEncoding = 4; lastKnownFileType = text; path = Details; sourceTree = "<group>"; };
		7D13FF191BD0F4B4004CA0F7 /* events */ = {isa = PBXFileReference; fileEncoding = 4; lastKnownFileType = text; path = events; sourceTree = "<group>"; };
		7D13FF1A1BD0F4B4004CA0F7 /* Experience */ = {isa = PBXFileReference; fileEncoding = 4; lastKnownFileType = text; path = Experience; sourceTree = "<group>"; };
		7D13FF1B1BD0F4B4004CA0F7 /* More */ = {isa = PBXFileReference; fileEncoding = 4; lastKnownFileType = text; path = More; sourceTree = "<group>"; };
		7D13FF1C1BD0F4B4004CA0F7 /* Nears */ = {isa = PBXFileReference; fileEncoding = 4; lastKnownFileType = text; path = Nears; sourceTree = "<group>"; };
		7D13FF1D1BD0F4B4004CA0F7 /* themes */ = {isa = PBXFileReference; fileEncoding = 4; lastKnownFileType = text; path = themes; sourceTree = "<group>"; };
		7D13FF1E1BD0F4B4004CA0F7 /* 三里屯 */ = {isa = PBXFileReference; fileEncoding = 4; lastKnownFileType = text; path = "三里屯"; sourceTree = "<group>"; };
		7D13FF1F1BD0F4B4004CA0F7 /* 南锣鼓巷 */ = {isa = PBXFileReference; fileEncoding = 4; lastKnownFileType = text; path = "南锣鼓巷"; sourceTree = "<group>"; };
		7D32D5D31BCF907B00ADA327 /* EveryDayModel.swift */ = {isa = PBXFileReference; fileEncoding = 4; lastKnownFileType = sourcecode.swift; path = EveryDayModel.swift; sourceTree = "<group>"; };
		7D32D5D51BCFA76F00ADA327 /* DictModelManager.swift */ = {isa = PBXFileReference; fileEncoding = 4; lastKnownFileType = sourcecode.swift; path = DictModelManager.swift; sourceTree = "<group>"; };
		7D490FFC1BC8BCC60053C0AA /* mSmallDay.app */ = {isa = PBXFileReference; explicitFileType = wrapper.application; includeInIndex = 0; path = mSmallDay.app; sourceTree = BUILT_PRODUCTS_DIR; };
		7D4910041BC8BCC60053C0AA /* Base */ = {isa = PBXFileReference; lastKnownFileType = file.storyboard; name = Base; path = Base.lproj/Main.storyboard; sourceTree = "<group>"; };
		7D4910061BC8BCC60053C0AA /* Assets.xcassets */ = {isa = PBXFileReference; lastKnownFileType = folder.assetcatalog; path = Assets.xcassets; sourceTree = "<group>"; };
		7D4910091BC8BCC60053C0AA /* Base */ = {isa = PBXFileReference; lastKnownFileType = file.storyboard; name = Base; path = Base.lproj/LaunchScreen.storyboard; sourceTree = "<group>"; };
		7D49100B1BC8BCC60053C0AA /* Info.plist */ = {isa = PBXFileReference; lastKnownFileType = text.plist.xml; path = Info.plist; sourceTree = "<group>"; };
		7D4910101BC8BCC60053C0AA /* mSmallDayTests.xctest */ = {isa = PBXFileReference; explicitFileType = wrapper.cfbundle; includeInIndex = 0; path = mSmallDayTests.xctest; sourceTree = BUILT_PRODUCTS_DIR; };
		7D4910141BC8BCC60053C0AA /* mSmallDayTests.swift */ = {isa = PBXFileReference; lastKnownFileType = sourcecode.swift; path = mSmallDayTests.swift; sourceTree = "<group>"; };
		7D4910161BC8BCC60053C0AA /* Info.plist */ = {isa = PBXFileReference; lastKnownFileType = text.plist.xml; path = Info.plist; sourceTree = "<group>"; };
		7D49101B1BC8BCC60053C0AA /* mSmallDayUITests.xctest */ = {isa = PBXFileReference; explicitFileType = wrapper.cfbundle; includeInIndex = 0; path = mSmallDayUITests.xctest; sourceTree = BUILT_PRODUCTS_DIR; };
		7D49101F1BC8BCC60053C0AA /* mSmallDayUITests.swift */ = {isa = PBXFileReference; lastKnownFileType = sourcecode.swift; path = mSmallDayUITests.swift; sourceTree = "<group>"; };
		7D4910211BC8BCC60053C0AA /* Info.plist */ = {isa = PBXFileReference; lastKnownFileType = text.plist.xml; path = Info.plist; sourceTree = "<group>"; };
		7D4910351BC8BF970053C0AA /* AppDelegate.swift */ = {isa = PBXFileReference; fileEncoding = 4; lastKnownFileType = sourcecode.swift; path = AppDelegate.swift; sourceTree = "<group>"; };
		7D4B2D3D1BD4D5D6007A8A42 /* String+extension.swift */ = {isa = PBXFileReference; fileEncoding = 4; lastKnownFileType = sourcecode.swift; path = "String+extension.swift"; sourceTree = "<group>"; };
		7D4B2D3F1BD4D9F5007A8A42 /* RegExCategories.h */ = {isa = PBXFileReference; fileEncoding = 4; lastKnownFileType = sourcecode.c.h; path = RegExCategories.h; sourceTree = "<group>"; };
		7D4B2D401BD4D9F5007A8A42 /* RegExCategories.m */ = {isa = PBXFileReference; fileEncoding = 4; lastKnownFileType = sourcecode.c.objc; path = RegExCategories.m; sourceTree = "<group>"; };
		7D4B2D421BD4EA4B007A8A42 /* ThemeViewController.swift */ = {isa = PBXFileReference; fileEncoding = 4; lastKnownFileType = sourcecode.swift; path = ThemeViewController.swift; sourceTree = "<group>"; };
		7DADD1981BCBB3980056DED4 /* CityViewController.swift */ = {isa = PBXFileReference; fileEncoding = 4; lastKnownFileType = sourcecode.swift; path = CityViewController.swift; sourceTree = "<group>"; };
		7DADD19A1BCBB4080056DED4 /* CityCollectionViewCell.swift */ = {isa = PBXFileReference; fileEncoding = 4; lastKnownFileType = sourcecode.swift; path = CityCollectionViewCell.swift; sourceTree = "<group>"; };
		7DADD19C1BCBB5A90056DED4 /* CityHeadCollectionReusableView.swift */ = {isa = PBXFileReference; fileEncoding = 4; lastKnownFileType = sourcecode.swift; path = CityHeadCollectionReusableView.swift; sourceTree = "<group>"; };
		7DB3B5601BC8DE1D008CAD7F /* Macros.swift */ = {isa = PBXFileReference; fileEncoding = 4; lastKnownFileType = sourcecode.swift; path = Macros.swift; sourceTree = "<group>"; };
		7DB3B5621BC8E038008CAD7F /* UIColor+extension.swift */ = {isa = PBXFileReference; fileEncoding = 4; lastKnownFileType = sourcecode.swift; path = "UIColor+extension.swift"; sourceTree = "<group>"; };
		7DB3B5641BC900BA008CAD7F /* Theme.swift */ = {isa = PBXFileReference; fileEncoding = 4; lastKnownFileType = sourcecode.swift; path = Theme.swift; sourceTree = "<group>"; };
		7DB3B5661BC9045C008CAD7F /* UserInfoManager.swift */ = {isa = PBXFileReference; fileEncoding = 4; lastKnownFileType = sourcecode.swift; path = UserInfoManager.swift; sourceTree = "<group>"; };
		7DB3B56C1BC905E0008CAD7F /* mSmallDay-Bridging-Header.h */ = {isa = PBXFileReference; fileEncoding = 4; lastKnownFileType = sourcecode.c.h; path = "mSmallDay-Bridging-Header.h"; sourceTree = "<group>"; };
		7DB3B56E1BC90978008CAD7F /* LeadpageViewController.swift */ = {isa = PBXFileReference; fileEncoding = 4; lastKnownFileType = sourcecode.swift; path = LeadpageViewController.swift; sourceTree = "<group>"; };
		7DB3B5701BC909A1008CAD7F /* MainTabBarController.swift */ = {isa = PBXFileReference; fileEncoding = 4; lastKnownFileType = sourcecode.swift; path = MainTabBarController.swift; sourceTree = "<group>"; };
		7DB3B5731BC90E93008CAD7F /* fourpage-375w-667h@2x.jpg */ = {isa = PBXFileReference; lastKnownFileType = image.jpeg; path = "fourpage-375w-667h@2x.jpg"; sourceTree = "<group>"; };
		7DB3B5741BC90E93008CAD7F /* fourpage-414w-736h@3x.jpg */ = {isa = PBXFileReference; lastKnownFileType = image.jpeg; path = "fourpage-414w-736h@3x.jpg"; sourceTree = "<group>"; };
		7DB3B5751BC90E93008CAD7F /* fourpage-568h@2x.jpg */ = {isa = PBXFileReference; lastKnownFileType = image.jpeg; path = "fourpage-568h@2x.jpg"; sourceTree = "<group>"; };
		7DB3B5761BC90E93008CAD7F /* fourpage@2x.jpg */ = {isa = PBXFileReference; lastKnownFileType = image.jpeg; path = "fourpage@2x.jpg"; sourceTree = "<group>"; };
		7DB3B57B1BC91607008CAD7F /* MainNavigationController.swift */ = {isa = PBXFileReference; fileEncoding = 4; lastKnownFileType = sourcecode.swift; path = MainNavigationController.swift; sourceTree = "<group>"; };
		7DEE6D681BCB50E200B8FA77 /* ExploreViewController.swift */ = {isa = PBXFileReference; fileEncoding = 4; lastKnownFileType = sourcecode.swift; path = ExploreViewController.swift; sourceTree = "<group>"; };
		7DEE6D6A1BCB50F800B8FA77 /* ExperienceViewController.swift */ = {isa = PBXFileReference; fileEncoding = 4; lastKnownFileType = sourcecode.swift; path = ExperienceViewController.swift; sourceTree = "<group>"; };
		7DEE6D6C1BCB510C00B8FA77 /* ClassifyViewController.swift */ = {isa = PBXFileReference; fileEncoding = 4; lastKnownFileType = sourcecode.swift; path = ClassifyViewController.swift; sourceTree = "<group>"; };
		7DEE6D6E1BCB511800B8FA77 /* MeViewController.swift */ = {isa = PBXFileReference; fileEncoding = 4; lastKnownFileType = sourcecode.swift; path = MeViewController.swift; sourceTree = "<group>"; };
		7DEE6D701BCB569100B8FA77 /* MainViewController.swift */ = {isa = PBXFileReference; fileEncoding = 4; lastKnownFileType = sourcecode.swift; path = MainViewController.swift; sourceTree = "<group>"; };
		7DEE6D721BCB58CA00B8FA77 /* UIView+extension.swift */ = {isa = PBXFileReference; fileEncoding = 4; lastKnownFileType = sourcecode.swift; path = "UIView+extension.swift"; sourceTree = "<group>"; };
		7DEE7B881BD4ED520042B602 /* YJHMapView.swift */ = {isa = PBXFileReference; fileEncoding = 4; lastKnownFileType = sourcecode.swift; path = YJHMapView.swift; sourceTree = "<group>"; };
		7DF345641BCCB33F00A67942 /* UIBarButtonItem+extension.swift */ = {isa = PBXFileReference; fileEncoding = 4; lastKnownFileType = sourcecode.swift; path = "UIBarButtonItem+extension.swift"; sourceTree = "<group>"; };
		7DF345661BCCDB9100A67942 /* NearbyViewController.swift */ = {isa = PBXFileReference; fileEncoding = 4; lastKnownFileType = sourcecode.swift; path = NearbyViewController.swift; sourceTree = "<group>"; };
		7DF345691BCCDC7E00A67942 /* DoubleTextView.swift */ = {isa = PBXFileReference; fileEncoding = 4; lastKnownFileType = sourcecode.swift; path = DoubleTextView.swift; sourceTree = "<group>"; };
		948807915F235DEAA8848270 /* Pods.release.xcconfig */ = {isa = PBXFileReference; includeInIndex = 1; lastKnownFileType = text.xcconfig; name = Pods.release.xcconfig; path = "Pods/Target Support Files/Pods/Pods.release.xcconfig"; sourceTree = "<group>"; };
/* End PBXFileReference section */

/* Begin PBXFrameworksBuildPhase section */
		7D490FF91BC8BCC60053C0AA /* Frameworks */ = {
			isa = PBXFrameworksBuildPhase;
			buildActionMask = 2147483647;
			files = (
				EAC50E5E87C437E3891B4215 /* Pods.framework in Frameworks */,
			);
			runOnlyForDeploymentPostprocessing = 0;
		};
		7D49100D1BC8BCC60053C0AA /* Frameworks */ = {
			isa = PBXFrameworksBuildPhase;
			buildActionMask = 2147483647;
			files = (
			);
			runOnlyForDeploymentPostprocessing = 0;
		};
		7D4910181BC8BCC60053C0AA /* Frameworks */ = {
			isa = PBXFrameworksBuildPhase;
			buildActionMask = 2147483647;
			files = (
			);
			runOnlyForDeploymentPostprocessing = 0;
		};
/* End PBXFrameworksBuildPhase section */

/* Begin PBXGroup section */
		7D1142801BD4825200F32275 /* MJRefresh */ = {
			isa = PBXGroup;
			children = (
				7D1142811BD4825200F32275 /* Base */,
				7D11428C1BD4825200F32275 /* Custom */,
				7D1142A31BD4825200F32275 /* MJRefresh.bundle */,
				7D1142A41BD4825200F32275 /* MJRefresh.h */,
				7D1142A51BD4825200F32275 /* MJRefreshConst.h */,
				7D1142A61BD4825200F32275 /* MJRefreshConst.m */,
				7D1142A71BD4825200F32275 /* UIScrollView+MJExtension.h */,
				7D1142A81BD4825200F32275 /* UIScrollView+MJExtension.m */,
				7D1142A91BD4825200F32275 /* UIScrollView+MJRefresh.h */,
				7D1142AA1BD4825200F32275 /* UIScrollView+MJRefresh.m */,
				7D1142AB1BD4825200F32275 /* UIView+MJExtension.h */,
				7D1142AC1BD4825200F32275 /* UIView+MJExtension.m */,
			);
			path = MJRefresh;
			sourceTree = "<group>";
		};
		7D1142811BD4825200F32275 /* Base */ = {
			isa = PBXGroup;
			children = (
				7D1142821BD4825200F32275 /* MJRefreshAutoFooter.h */,
				7D1142831BD4825200F32275 /* MJRefreshAutoFooter.m */,
				7D1142841BD4825200F32275 /* MJRefreshBackFooter.h */,
				7D1142851BD4825200F32275 /* MJRefreshBackFooter.m */,
				7D1142861BD4825200F32275 /* MJRefreshComponent.h */,
				7D1142871BD4825200F32275 /* MJRefreshComponent.m */,
				7D1142881BD4825200F32275 /* MJRefreshFooter.h */,
				7D1142891BD4825200F32275 /* MJRefreshFooter.m */,
				7D11428A1BD4825200F32275 /* MJRefreshHeader.h */,
				7D11428B1BD4825200F32275 /* MJRefreshHeader.m */,
			);
			path = Base;
			sourceTree = "<group>";
		};
		7D11428C1BD4825200F32275 /* Custom */ = {
			isa = PBXGroup;
			children = (
				7D11428D1BD4825200F32275 /* Footer */,
				7D11429C1BD4825200F32275 /* Header */,
			);
			path = Custom;
			sourceTree = "<group>";
		};
		7D11428D1BD4825200F32275 /* Footer */ = {
			isa = PBXGroup;
			children = (
				7D11428E1BD4825200F32275 /* Auto */,
				7D1142951BD4825200F32275 /* Back */,
			);
			path = Footer;
			sourceTree = "<group>";
		};
		7D11428E1BD4825200F32275 /* Auto */ = {
			isa = PBXGroup;
			children = (
				7D11428F1BD4825200F32275 /* MJRefreshAutoGifFooter.h */,
				7D1142901BD4825200F32275 /* MJRefreshAutoGifFooter.m */,
				7D1142911BD4825200F32275 /* MJRefreshAutoNormalFooter.h */,
				7D1142921BD4825200F32275 /* MJRefreshAutoNormalFooter.m */,
				7D1142931BD4825200F32275 /* MJRefreshAutoStateFooter.h */,
				7D1142941BD4825200F32275 /* MJRefreshAutoStateFooter.m */,
			);
			path = Auto;
			sourceTree = "<group>";
		};
		7D1142951BD4825200F32275 /* Back */ = {
			isa = PBXGroup;
			children = (
				7D1142961BD4825200F32275 /* MJRefreshBackGifFooter.h */,
				7D1142971BD4825200F32275 /* MJRefreshBackGifFooter.m */,
				7D1142981BD4825200F32275 /* MJRefreshBackNormalFooter.h */,
				7D1142991BD4825200F32275 /* MJRefreshBackNormalFooter.m */,
				7D11429A1BD4825200F32275 /* MJRefreshBackStateFooter.h */,
				7D11429B1BD4825200F32275 /* MJRefreshBackStateFooter.m */,
			);
			path = Back;
			sourceTree = "<group>";
		};
		7D11429C1BD4825200F32275 /* Header */ = {
			isa = PBXGroup;
			children = (
				7D11429D1BD4825200F32275 /* MJRefreshGifHeader.h */,
				7D11429E1BD4825200F32275 /* MJRefreshGifHeader.m */,
				7D11429F1BD4825200F32275 /* MJRefreshNormalHeader.h */,
				7D1142A01BD4825200F32275 /* MJRefreshNormalHeader.m */,
				7D1142A11BD4825200F32275 /* MJRefreshStateHeader.h */,
				7D1142A21BD4825200F32275 /* MJRefreshStateHeader.m */,
			);
			path = Header;
			sourceTree = "<group>";
		};
		7D1142AD1BD4825200F32275 /* SVProgressHUD */ = {
			isa = PBXGroup;
			children = (
				7D1142AE1BD4825200F32275 /* SVIndefiniteAnimatedView.h */,
				7D1142AF1BD4825200F32275 /* SVIndefiniteAnimatedView.m */,
				7D1142B01BD4825200F32275 /* SVProgressHUD-Prefix.pch */,
				7D1142B11BD4825200F32275 /* SVProgressHUD.bundle */,
				7D1142B21BD4825200F32275 /* SVProgressHUD.h */,
				7D1142B31BD4825200F32275 /* SVProgressHUD.m */,
				7D1142B41BD4825200F32275 /* SVRadialGradientLayer.h */,
				7D1142B51BD4825200F32275 /* SVRadialGradientLayer.m */,
			);
			path = SVProgressHUD;
			sourceTree = "<group>";
		};
		7D13FF151BD0F4B4004CA0F7 /* CustomData */ = {
			isa = PBXGroup;
			children = (
				7D13FF161BD0F4B4004CA0F7 /* 798 */,
				7D13FF171BD0F4B4004CA0F7 /* Classify */,
				7D13FF181BD0F4B4004CA0F7 /* Details */,
				7D13FF191BD0F4B4004CA0F7 /* events */,
				7D13FF1A1BD0F4B4004CA0F7 /* Experience */,
				7D13FF1B1BD0F4B4004CA0F7 /* More */,
				7D13FF1C1BD0F4B4004CA0F7 /* Nears */,
				7D13FF1D1BD0F4B4004CA0F7 /* themes */,
				7D13FF1E1BD0F4B4004CA0F7 /* 三里屯 */,
				7D13FF1F1BD0F4B4004CA0F7 /* 南锣鼓巷 */,
			);
			path = CustomData;
			sourceTree = "<group>";
		};
		7D32D5D21BCF904100ADA327 /* Models(模型) */ = {
			isa = PBXGroup;
			children = (
				7D32D5D31BCF907B00ADA327 /* EveryDayModel.swift */,
				7D1142CD1BD4C3FF00F32275 /* ClassifyModel.swift */,
			);
			name = "Models(模型)";
			path = Models;
			sourceTree = "<group>";
		};
		7D490FF31BC8BCC60053C0AA = {
			isa = PBXGroup;
			children = (
				7D490FFE1BC8BCC60053C0AA /* mSmallDay */,
				7D4910131BC8BCC60053C0AA /* mSmallDayTests */,
				7D49101E1BC8BCC60053C0AA /* mSmallDayUITests */,
				7D490FFD1BC8BCC60053C0AA /* Products */,
				D730702366823DC7BF9C60DC /* Pods */,
				A7B95F9BDF7F627CA1BA2D2D /* Frameworks */,
			);
			sourceTree = "<group>";
		};
		7D490FFD1BC8BCC60053C0AA /* Products */ = {
			isa = PBXGroup;
			children = (
				7D490FFC1BC8BCC60053C0AA /* mSmallDay.app */,
				7D4910101BC8BCC60053C0AA /* mSmallDayTests.xctest */,
				7D49101B1BC8BCC60053C0AA /* mSmallDayUITests.xctest */,
			);
			name = Products;
			sourceTree = "<group>";
		};
		7D490FFE1BC8BCC60053C0AA /* mSmallDay */ = {
			isa = PBXGroup;
			children = (
				7D49102D1BC8BE840053C0AA /* Classes */,
				7D4910061BC8BCC60053C0AA /* Assets.xcassets */,
				7D49100B1BC8BCC60053C0AA /* Info.plist */,
			);
			path = mSmallDay;
			sourceTree = "<group>";
		};
		7D4910131BC8BCC60053C0AA /* mSmallDayTests */ = {
			isa = PBXGroup;
			children = (
				7D4910141BC8BCC60053C0AA /* mSmallDayTests.swift */,
				7D4910161BC8BCC60053C0AA /* Info.plist */,
			);
			path = mSmallDayTests;
			sourceTree = "<group>";
		};
		7D49101E1BC8BCC60053C0AA /* mSmallDayUITests */ = {
			isa = PBXGroup;
			children = (
				7D49101F1BC8BCC60053C0AA /* mSmallDayUITests.swift */,
				7D4910211BC8BCC60053C0AA /* Info.plist */,
			);
			path = mSmallDayUITests;
			sourceTree = "<group>";
		};
		7D49102D1BC8BE840053C0AA /* Classes */ = {
			isa = PBXGroup;
			children = (
				7D32D5D21BCF904100ADA327 /* Models(模型) */,
				7D4910341BC8BF3D0053C0AA /* Vendor(第三方) */,
				7D4910331BC8BF300053C0AA /* Expand(扩展) */,
				7D4910311BC8BEFA0053C0AA /* UI(界面) */,
				7D4910301BC8BECA0053C0AA /* Tools(工具) */,
				7D49102F1BC8BEB50053C0AA /* Others */,
				7D49102E1BC8BE9D0053C0AA /* Resource(资源) */,
			);
			path = Classes;
			sourceTree = "<group>";
		};
		7D49102E1BC8BE9D0053C0AA /* Resource(资源) */ = {
			isa = PBXGroup;
			children = (
				7D13FF151BD0F4B4004CA0F7 /* CustomData */,
				7DB3B5721BC90E2F008CAD7F /* Newfeature */,
			);
			name = "Resource(资源)";
			path = Resource;
			sourceTree = "<group>";
		};
		7D49102F1BC8BEB50053C0AA /* Others */ = {
			isa = PBXGroup;
			children = (
				7D4910351BC8BF970053C0AA /* AppDelegate.swift */,
				7DB3B56C1BC905E0008CAD7F /* mSmallDay-Bridging-Header.h */,
				7D4910031BC8BCC60053C0AA /* Main.storyboard */,
				7D4910081BC8BCC60053C0AA /* LaunchScreen.storyboard */,
			);
			path = Others;
			sourceTree = "<group>";
		};
		7D4910301BC8BECA0053C0AA /* Tools(工具) */ = {
			isa = PBXGroup;
			children = (
				7DB3B5661BC9045C008CAD7F /* UserInfoManager.swift */,
				7D32D5D51BCFA76F00ADA327 /* DictModelManager.swift */,
			);
			name = "Tools(工具)";
			path = Tools;
			sourceTree = "<group>";
		};
		7D4910311BC8BEFA0053C0AA /* UI(界面) */ = {
			isa = PBXGroup;
			children = (
				7DEE6D671BCB509A00B8FA77 /* Me(我的) */,
				7DEE6D661BCB508000B8FA77 /* Classify(分类) */,
				7DEE6D651BCB506100B8FA77 /* Experience(体验) */,
				7DEE6D641BCB503800B8FA77 /* Explore(探店) */,
				7DB3B56D1BC90954008CAD7F /* Main(公共) */,
			);
			name = "UI(界面)";
			path = UI;
			sourceTree = "<group>";
		};
		7D4910331BC8BF300053C0AA /* Expand(扩展) */ = {
			isa = PBXGroup;
			children = (
				7D4910381BC8BFF00053C0AA /* Macros(常量) */,
				7D4910371BC8BFE20053C0AA /* Category(分类) */,
			);
			name = "Expand(扩展)";
			path = Expand;
			sourceTree = "<group>";
		};
		7D4910341BC8BF3D0053C0AA /* Vendor(第三方) */ = {
			isa = PBXGroup;
			children = (
				7D4B2D3F1BD4D9F5007A8A42 /* RegExCategories.h */,
				7D4B2D401BD4D9F5007A8A42 /* RegExCategories.m */,
				7D1142801BD4825200F32275 /* MJRefresh */,
				7D1142AD1BD4825200F32275 /* SVProgressHUD */,
			);
			name = "Vendor(第三方)";
			path = Vendor;
			sourceTree = "<group>";
		};
		7D4910371BC8BFE20053C0AA /* Category(分类) */ = {
			isa = PBXGroup;
			children = (
				7DB3B5621BC8E038008CAD7F /* UIColor+extension.swift */,
				7DEE6D721BCB58CA00B8FA77 /* UIView+extension.swift */,
				7DF345641BCCB33F00A67942 /* UIBarButtonItem+extension.swift */,
				7D4B2D3D1BD4D5D6007A8A42 /* String+extension.swift */,
			);
			name = "Category(分类)";
			path = Category;
			sourceTree = "<group>";
		};
		7D4910381BC8BFF00053C0AA /* Macros(常量) */ = {
			isa = PBXGroup;
			children = (
				7DB3B5601BC8DE1D008CAD7F /* Macros.swift */,
				7DB3B5641BC900BA008CAD7F /* Theme.swift */,
			);
			name = "Macros(常量)";
			path = Macros;
			sourceTree = "<group>";
		};
		7DADD1971BCBB3640056DED4 /* City(城市选择) */ = {
			isa = PBXGroup;
			children = (
				7DADD1981BCBB3980056DED4 /* CityViewController.swift */,
				7DADD19A1BCBB4080056DED4 /* CityCollectionViewCell.swift */,
				7DADD19C1BCBB5A90056DED4 /* CityHeadCollectionReusableView.swift */,
			);
			name = "City(城市选择)";
			path = City;
			sourceTree = "<group>";
		};
		7DB3B56D1BC90954008CAD7F /* Main(公共) */ = {
			isa = PBXGroup;
			children = (
				7DADD1971BCBB3640056DED4 /* City(城市选择) */,
				7DB3B57B1BC91607008CAD7F /* MainNavigationController.swift */,
				7DB3B56E1BC90978008CAD7F /* LeadpageViewController.swift */,
				7DB3B5701BC909A1008CAD7F /* MainTabBarController.swift */,
				7DEE6D701BCB569100B8FA77 /* MainViewController.swift */,
				7D13FEBA1BD0DA69004CA0F7 /* SDRefreshHeader.swift */,
			);
			name = "Main(公共)";
			path = Main;
			sourceTree = "<group>";
		};
		7DB3B5721BC90E2F008CAD7F /* Newfeature */ = {
			isa = PBXGroup;
			children = (
				7DB3B5731BC90E93008CAD7F /* fourpage-375w-667h@2x.jpg */,
				7DB3B5741BC90E93008CAD7F /* fourpage-414w-736h@3x.jpg */,
				7DB3B5751BC90E93008CAD7F /* fourpage-568h@2x.jpg */,
				7DB3B5761BC90E93008CAD7F /* fourpage@2x.jpg */,
			);
			path = Newfeature;
			sourceTree = "<group>";
		};
		7DEE6D641BCB503800B8FA77 /* Explore(探店) */ = {
			isa = PBXGroup;
			children = (
				7DF345681BCCDC3900A67942 /* Views(自定义View) */,
				7DEE6D681BCB50E200B8FA77 /* ExploreViewController.swift */,
				7DF345661BCCDB9100A67942 /* NearbyViewController.swift */,
				7D4B2D421BD4EA4B007A8A42 /* ThemeViewController.swift */,
			);
			name = "Explore(探店)";
			path = Explore;
			sourceTree = "<group>";
		};
		7DEE6D651BCB506100B8FA77 /* Experience(体验) */ = {
			isa = PBXGroup;
			children = (
				7DEE6D6A1BCB50F800B8FA77 /* ExperienceViewController.swift */,
			);
			name = "Experience(体验)";
			path = Experience;
			sourceTree = "<group>";
		};
		7DEE6D661BCB508000B8FA77 /* Classify(分类) */ = {
			isa = PBXGroup;
			children = (
				7DEE6D6C1BCB510C00B8FA77 /* ClassifyViewController.swift */,
			);
			name = "Classify(分类)";
			path = Classify;
			sourceTree = "<group>";
		};
		7DEE6D671BCB509A00B8FA77 /* Me(我的) */ = {
			isa = PBXGroup;
			children = (
				7DEE6D6E1BCB511800B8FA77 /* MeViewController.swift */,
			);
			name = "Me(我的)";
			path = Me;
			sourceTree = "<group>";
		};
		7DF345681BCCDC3900A67942 /* Views(自定义View) */ = {
			isa = PBXGroup;
			children = (
				7DF345691BCCDC7E00A67942 /* DoubleTextView.swift */,
				7D13FF091BD0F10E004CA0F7 /* nearCell.swift */,
				7D13FF0A1BD0F10E004CA0F7 /* nearCell.xib */,
				7D13FF0B1BD0F10E004CA0F7 /* ThemeCell.swift */,
				7D13FF0C1BD0F10E004CA0F7 /* ThemeCell.xib */,
				7D13FF111BD0F120004CA0F7 /* EventCellTableViewCell.swift */,
				7D13FF121BD0F120004CA0F7 /* EventCellTableViewCell.xib */,
				7DEE7B881BD4ED520042B602 /* YJHMapView.swift */,
			);
			name = "Views(自定义View)";
			path = Views;
			sourceTree = "<group>";
		};
		A7B95F9BDF7F627CA1BA2D2D /* Frameworks */ = {
			isa = PBXGroup;
			children = (
				3C05A2FF896AA102BFA3F469 /* Pods.framework */,
			);
			name = Frameworks;
			sourceTree = "<group>";
		};
		D730702366823DC7BF9C60DC /* Pods */ = {
			isa = PBXGroup;
			children = (
				0545ABA053795985DC037FAD /* Pods.debug.xcconfig */,
				948807915F235DEAA8848270 /* Pods.release.xcconfig */,
			);
			name = Pods;
			sourceTree = "<group>";
		};
/* End PBXGroup section */

/* Begin PBXNativeTarget section */
		7D490FFB1BC8BCC60053C0AA /* mSmallDay */ = {
			isa = PBXNativeTarget;
			buildConfigurationList = 7D4910241BC8BCC60053C0AA /* Build configuration list for PBXNativeTarget "mSmallDay" */;
			buildPhases = (
				9B36E7FA7879B019AD197A04 /* Check Pods Manifest.lock */,
				7D490FF81BC8BCC60053C0AA /* Sources */,
				7D490FF91BC8BCC60053C0AA /* Frameworks */,
				7D490FFA1BC8BCC60053C0AA /* Resources */,
				B1726FBE229F6ACC4DF4E631 /* Embed Pods Frameworks */,
				75D153627BDED98C711BB523 /* Copy Pods Resources */,
			);
			buildRules = (
			);
			dependencies = (
			);
			name = mSmallDay;
			productName = mSmallDay;
			productReference = 7D490FFC1BC8BCC60053C0AA /* mSmallDay.app */;
			productType = "com.apple.product-type.application";
		};
		7D49100F1BC8BCC60053C0AA /* mSmallDayTests */ = {
			isa = PBXNativeTarget;
			buildConfigurationList = 7D4910271BC8BCC60053C0AA /* Build configuration list for PBXNativeTarget "mSmallDayTests" */;
			buildPhases = (
				7D49100C1BC8BCC60053C0AA /* Sources */,
				7D49100D1BC8BCC60053C0AA /* Frameworks */,
				7D49100E1BC8BCC60053C0AA /* Resources */,
			);
			buildRules = (
			);
			dependencies = (
				7D4910121BC8BCC60053C0AA /* PBXTargetDependency */,
			);
			name = mSmallDayTests;
			productName = mSmallDayTests;
			productReference = 7D4910101BC8BCC60053C0AA /* mSmallDayTests.xctest */;
			productType = "com.apple.product-type.bundle.unit-test";
		};
		7D49101A1BC8BCC60053C0AA /* mSmallDayUITests */ = {
			isa = PBXNativeTarget;
			buildConfigurationList = 7D49102A1BC8BCC60053C0AA /* Build configuration list for PBXNativeTarget "mSmallDayUITests" */;
			buildPhases = (
				7D4910171BC8BCC60053C0AA /* Sources */,
				7D4910181BC8BCC60053C0AA /* Frameworks */,
				7D4910191BC8BCC60053C0AA /* Resources */,
			);
			buildRules = (
			);
			dependencies = (
				7D49101D1BC8BCC60053C0AA /* PBXTargetDependency */,
			);
			name = mSmallDayUITests;
			productName = mSmallDayUITests;
			productReference = 7D49101B1BC8BCC60053C0AA /* mSmallDayUITests.xctest */;
			productType = "com.apple.product-type.bundle.ui-testing";
		};
/* End PBXNativeTarget section */

/* Begin PBXProject section */
		7D490FF41BC8BCC60053C0AA /* Project object */ = {
			isa = PBXProject;
			attributes = {
				LastSwiftUpdateCheck = 0700;
				LastUpgradeCheck = 0700;
				ORGANIZATIONNAME = pikeYoung;
				TargetAttributes = {
					7D490FFB1BC8BCC60053C0AA = {
						CreatedOnToolsVersion = 7.0.1;
					};
					7D49100F1BC8BCC60053C0AA = {
						CreatedOnToolsVersion = 7.0.1;
						TestTargetID = 7D490FFB1BC8BCC60053C0AA;
					};
					7D49101A1BC8BCC60053C0AA = {
						CreatedOnToolsVersion = 7.0.1;
						TestTargetID = 7D490FFB1BC8BCC60053C0AA;
					};
				};
			};
			buildConfigurationList = 7D490FF71BC8BCC60053C0AA /* Build configuration list for PBXProject "mSmallDay" */;
			compatibilityVersion = "Xcode 3.2";
			developmentRegion = English;
			hasScannedForEncodings = 0;
			knownRegions = (
				en,
				Base,
				"zh-Hans",
			);
			mainGroup = 7D490FF31BC8BCC60053C0AA;
			productRefGroup = 7D490FFD1BC8BCC60053C0AA /* Products */;
			projectDirPath = "";
			projectRoot = "";
			targets = (
				7D490FFB1BC8BCC60053C0AA /* mSmallDay */,
				7D49100F1BC8BCC60053C0AA /* mSmallDayTests */,
				7D49101A1BC8BCC60053C0AA /* mSmallDayUITests */,
			);
		};
/* End PBXProject section */

/* Begin PBXResourcesBuildPhase section */
		7D490FFA1BC8BCC60053C0AA /* Resources */ = {
			isa = PBXResourcesBuildPhase;
			buildActionMask = 2147483647;
			files = (
				7D13FF271BD0F4B4004CA0F7 /* themes in Resources */,
				7D13FF261BD0F4B4004CA0F7 /* Nears in Resources */,
				7D1142C41BD4825200F32275 /* MJRefresh.bundle in Resources */,
				7D13FF201BD0F4B4004CA0F7 /* 798 in Resources */,
				7D13FF101BD0F10E004CA0F7 /* ThemeCell.xib in Resources */,
				7D49100A1BC8BCC60053C0AA /* LaunchScreen.storyboard in Resources */,
				7D13FF221BD0F4B4004CA0F7 /* Details in Resources */,
				7D13FF281BD0F4B4004CA0F7 /* 三里屯 in Resources */,
				7D13FF211BD0F4B4004CA0F7 /* Classify in Resources */,
				7D4910071BC8BCC60053C0AA /* Assets.xcassets in Resources */,
				7D13FF141BD0F120004CA0F7 /* EventCellTableViewCell.xib in Resources */,
				7DB3B5771BC90E93008CAD7F /* fourpage-375w-667h@2x.jpg in Resources */,
				7DB3B57A1BC90E93008CAD7F /* fourpage@2x.jpg in Resources */,
				7D13FF0E1BD0F10E004CA0F7 /* nearCell.xib in Resources */,
				7D13FF231BD0F4B4004CA0F7 /* events in Resources */,
				7D13FF241BD0F4B4004CA0F7 /* Experience in Resources */,
				7DB3B5781BC90E93008CAD7F /* fourpage-414w-736h@3x.jpg in Resources */,
				7DB3B5791BC90E93008CAD7F /* fourpage-568h@2x.jpg in Resources */,
				7D13FF291BD0F4B4004CA0F7 /* 南锣鼓巷 in Resources */,
				7D13FF251BD0F4B4004CA0F7 /* More in Resources */,
				7D4910051BC8BCC60053C0AA /* Main.storyboard in Resources */,
				7D1142CA1BD4825200F32275 /* SVProgressHUD.bundle in Resources */,
			);
			runOnlyForDeploymentPostprocessing = 0;
		};
		7D49100E1BC8BCC60053C0AA /* Resources */ = {
			isa = PBXResourcesBuildPhase;
			buildActionMask = 2147483647;
			files = (
			);
			runOnlyForDeploymentPostprocessing = 0;
		};
		7D4910191BC8BCC60053C0AA /* Resources */ = {
			isa = PBXResourcesBuildPhase;
			buildActionMask = 2147483647;
			files = (
			);
			runOnlyForDeploymentPostprocessing = 0;
		};
/* End PBXResourcesBuildPhase section */

/* Begin PBXShellScriptBuildPhase section */
		75D153627BDED98C711BB523 /* Copy Pods Resources */ = {
			isa = PBXShellScriptBuildPhase;
			buildActionMask = 2147483647;
			files = (
			);
			inputPaths = (
			);
			name = "Copy Pods Resources";
			outputPaths = (
			);
			runOnlyForDeploymentPostprocessing = 0;
			shellPath = /bin/sh;
			shellScript = "\"${SRCROOT}/Pods/Target Support Files/Pods/Pods-resources.sh\"\n";
			showEnvVarsInLog = 0;
		};
		9B36E7FA7879B019AD197A04 /* Check Pods Manifest.lock */ = {
			isa = PBXShellScriptBuildPhase;
			buildActionMask = 2147483647;
			files = (
			);
			inputPaths = (
			);
			name = "Check Pods Manifest.lock";
			outputPaths = (
			);
			runOnlyForDeploymentPostprocessing = 0;
			shellPath = /bin/sh;
			shellScript = "diff \"${PODS_ROOT}/../Podfile.lock\" \"${PODS_ROOT}/Manifest.lock\" > /dev/null\nif [[ $? != 0 ]] ; then\n    cat << EOM\nerror: The sandbox is not in sync with the Podfile.lock. Run 'pod install' or update your CocoaPods installation.\nEOM\n    exit 1\nfi\n";
			showEnvVarsInLog = 0;
		};
		B1726FBE229F6ACC4DF4E631 /* Embed Pods Frameworks */ = {
			isa = PBXShellScriptBuildPhase;
			buildActionMask = 2147483647;
			files = (
			);
			inputPaths = (
			);
			name = "Embed Pods Frameworks";
			outputPaths = (
			);
			runOnlyForDeploymentPostprocessing = 0;
			shellPath = /bin/sh;
			shellScript = "\"${SRCROOT}/Pods/Target Support Files/Pods/Pods-frameworks.sh\"\n";
			showEnvVarsInLog = 0;
		};
/* End PBXShellScriptBuildPhase section */

/* Begin PBXSourcesBuildPhase section */
		7D490FF81BC8BCC60053C0AA /* Sources */ = {
			isa = PBXSourcesBuildPhase;
			buildActionMask = 2147483647;
			files = (
				7DB3B5631BC8E038008CAD7F /* UIColor+extension.swift in Sources */,
				7D1142C51BD4825200F32275 /* MJRefreshConst.m in Sources */,
				7DEE6D711BCB569100B8FA77 /* MainViewController.swift in Sources */,
				7DEE7B891BD4ED520042B602 /* YJHMapView.swift in Sources */,
				7D13FF0F1BD0F10E004CA0F7 /* ThemeCell.swift in Sources */,
				7D1142C21BD4825200F32275 /* MJRefreshNormalHeader.m in Sources */,
				7D1142C01BD4825200F32275 /* MJRefreshBackStateFooter.m in Sources */,
				7DF3456A1BCCDC7E00A67942 /* DoubleTextView.swift in Sources */,
				7D32D5D41BCF907B00ADA327 /* EveryDayModel.swift in Sources */,
				7DB3B5651BC900BA008CAD7F /* Theme.swift in Sources */,
				7DEE6D6B1BCB50F800B8FA77 /* ExperienceViewController.swift in Sources */,
				7D1142B81BD4825200F32275 /* MJRefreshComponent.m in Sources */,
				7DADD19D1BCBB5A90056DED4 /* CityHeadCollectionReusableView.swift in Sources */,
				7D32D5D61BCFA76F00ADA327 /* DictModelManager.swift in Sources */,
				7D1142BA1BD4825200F32275 /* MJRefreshHeader.m in Sources */,
				7D1142BC1BD4825200F32275 /* MJRefreshAutoNormalFooter.m in Sources */,
				7D4B2D411BD4D9F5007A8A42 /* RegExCategories.m in Sources */,
				7D13FF131BD0F120004CA0F7 /* EventCellTableViewCell.swift in Sources */,
				7DB3B57C1BC91607008CAD7F /* MainNavigationController.swift in Sources */,
				7DB3B5671BC9045C008CAD7F /* UserInfoManager.swift in Sources */,
				7DB3B5711BC909A1008CAD7F /* MainTabBarController.swift in Sources */,
				7DADD19B1BCBB4080056DED4 /* CityCollectionViewCell.swift in Sources */,
				7D1142C91BD4825200F32275 /* SVIndefiniteAnimatedView.m in Sources */,
				7D1142B71BD4825200F32275 /* MJRefreshBackFooter.m in Sources */,
				7D1142BD1BD4825200F32275 /* MJRefreshAutoStateFooter.m in Sources */,
				7DEE6D6F1BCB511800B8FA77 /* MeViewController.swift in Sources */,
				7D13FEBB1BD0DA69004CA0F7 /* SDRefreshHeader.swift in Sources */,
				7DF345671BCCDB9100A67942 /* NearbyViewController.swift in Sources */,
				7DEE6D691BCB50E200B8FA77 /* ExploreViewController.swift in Sources */,
				7D1142C31BD4825200F32275 /* MJRefreshStateHeader.m in Sources */,
				7D1142CC1BD4825200F32275 /* SVRadialGradientLayer.m in Sources */,
				7D1142CE1BD4C3FF00F32275 /* ClassifyModel.swift in Sources */,
				7D13FF0D1BD0F10E004CA0F7 /* nearCell.swift in Sources */,
				7DEE6D6D1BCB510C00B8FA77 /* ClassifyViewController.swift in Sources */,
				7D1142BB1BD4825200F32275 /* MJRefreshAutoGifFooter.m in Sources */,
				7D4B2D3E1BD4D5D6007A8A42 /* String+extension.swift in Sources */,
				7D1142C61BD4825200F32275 /* UIScrollView+MJExtension.m in Sources */,
				7D1142C81BD4825200F32275 /* UIView+MJExtension.m in Sources */,
				7D1142CB1BD4825200F32275 /* SVProgressHUD.m in Sources */,
				7DEE6D731BCB58CA00B8FA77 /* UIView+extension.swift in Sources */,
				7DADD1991BCBB3980056DED4 /* CityViewController.swift in Sources */,
				7D1142BE1BD4825200F32275 /* MJRefreshBackGifFooter.m in Sources */,
				7D1142C11BD4825200F32275 /* MJRefreshGifHeader.m in Sources */,
				7DB3B56F1BC90978008CAD7F /* LeadpageViewController.swift in Sources */,
				7D4910361BC8BF970053C0AA /* AppDelegate.swift in Sources */,
				7DF345651BCCB33F00A67942 /* UIBarButtonItem+extension.swift in Sources */,
				7D4B2D431BD4EA4B007A8A42 /* ThemeViewController.swift in Sources */,
				7D1142B61BD4825200F32275 /* MJRefreshAutoFooter.m in Sources */,
				7D1142BF1BD4825200F32275 /* MJRefreshBackNormalFooter.m in Sources */,
				7D1142C71BD4825200F32275 /* UIScrollView+MJRefresh.m in Sources */,
				7DB3B5611BC8DE1D008CAD7F /* Macros.swift in Sources */,
				7D1142B91BD4825200F32275 /* MJRefreshFooter.m in Sources */,
			);
			runOnlyForDeploymentPostprocessing = 0;
		};
		7D49100C1BC8BCC60053C0AA /* Sources */ = {
			isa = PBXSourcesBuildPhase;
			buildActionMask = 2147483647;
			files = (
				7D4910151BC8BCC60053C0AA /* mSmallDayTests.swift in Sources */,
			);
			runOnlyForDeploymentPostprocessing = 0;
		};
		7D4910171BC8BCC60053C0AA /* Sources */ = {
			isa = PBXSourcesBuildPhase;
			buildActionMask = 2147483647;
			files = (
				7D4910201BC8BCC60053C0AA /* mSmallDayUITests.swift in Sources */,
			);
			runOnlyForDeploymentPostprocessing = 0;
		};
/* End PBXSourcesBuildPhase section */

/* Begin PBXTargetDependency section */
		7D4910121BC8BCC60053C0AA /* PBXTargetDependency */ = {
			isa = PBXTargetDependency;
			target = 7D490FFB1BC8BCC60053C0AA /* mSmallDay */;
			targetProxy = 7D4910111BC8BCC60053C0AA /* PBXContainerItemProxy */;
		};
		7D49101D1BC8BCC60053C0AA /* PBXTargetDependency */ = {
			isa = PBXTargetDependency;
			target = 7D490FFB1BC8BCC60053C0AA /* mSmallDay */;
			targetProxy = 7D49101C1BC8BCC60053C0AA /* PBXContainerItemProxy */;
		};
/* End PBXTargetDependency section */

/* Begin PBXVariantGroup section */
		7D4910031BC8BCC60053C0AA /* Main.storyboard */ = {
			isa = PBXVariantGroup;
			children = (
				7D4910041BC8BCC60053C0AA /* Base */,
			);
			name = Main.storyboard;
			path = ../..;
			sourceTree = "<group>";
		};
		7D4910081BC8BCC60053C0AA /* LaunchScreen.storyboard */ = {
			isa = PBXVariantGroup;
			children = (
				7D4910091BC8BCC60053C0AA /* Base */,
			);
			name = LaunchScreen.storyboard;
			path = ../..;
			sourceTree = "<group>";
		};
/* End PBXVariantGroup section */

/* Begin XCBuildConfiguration section */
		7D4910221BC8BCC60053C0AA /* Debug */ = {
			isa = XCBuildConfiguration;
			buildSettings = {
				ALWAYS_SEARCH_USER_PATHS = NO;
				CLANG_CXX_LANGUAGE_STANDARD = "gnu++0x";
				CLANG_CXX_LIBRARY = "libc++";
				CLANG_ENABLE_MODULES = YES;
				CLANG_ENABLE_OBJC_ARC = YES;
				CLANG_WARN_BOOL_CONVERSION = YES;
				CLANG_WARN_CONSTANT_CONVERSION = YES;
				CLANG_WARN_DIRECT_OBJC_ISA_USAGE = YES_ERROR;
				CLANG_WARN_EMPTY_BODY = YES;
				CLANG_WARN_ENUM_CONVERSION = YES;
				CLANG_WARN_INT_CONVERSION = YES;
				CLANG_WARN_OBJC_ROOT_CLASS = YES_ERROR;
				CLANG_WARN_UNREACHABLE_CODE = YES;
				CLANG_WARN__DUPLICATE_METHOD_MATCH = YES;
				"CODE_SIGN_IDENTITY[sdk=iphoneos*]" = "iPhone Developer";
				COPY_PHASE_STRIP = NO;
				DEBUG_INFORMATION_FORMAT = dwarf;
				ENABLE_STRICT_OBJC_MSGSEND = YES;
				ENABLE_TESTABILITY = YES;
				GCC_C_LANGUAGE_STANDARD = gnu99;
				GCC_DYNAMIC_NO_PIC = NO;
				GCC_NO_COMMON_BLOCKS = YES;
				GCC_OPTIMIZATION_LEVEL = 0;
				GCC_PREPROCESSOR_DEFINITIONS = (
					"DEBUG=1",
					"$(inherited)",
				);
				GCC_WARN_64_TO_32_BIT_CONVERSION = YES;
				GCC_WARN_ABOUT_RETURN_TYPE = YES_ERROR;
				GCC_WARN_UNDECLARED_SELECTOR = YES;
				GCC_WARN_UNINITIALIZED_AUTOS = YES_AGGRESSIVE;
				GCC_WARN_UNUSED_FUNCTION = YES;
				GCC_WARN_UNUSED_VARIABLE = YES;
				IPHONEOS_DEPLOYMENT_TARGET = 9.0;
				MTL_ENABLE_DEBUG_INFO = YES;
				ONLY_ACTIVE_ARCH = YES;
				SDKROOT = iphoneos;
				SWIFT_OPTIMIZATION_LEVEL = "-Onone";
				TARGETED_DEVICE_FAMILY = "1,2";
			};
			name = Debug;
		};
		7D4910231BC8BCC60053C0AA /* Release */ = {
			isa = XCBuildConfiguration;
			buildSettings = {
				ALWAYS_SEARCH_USER_PATHS = NO;
				CLANG_CXX_LANGUAGE_STANDARD = "gnu++0x";
				CLANG_CXX_LIBRARY = "libc++";
				CLANG_ENABLE_MODULES = YES;
				CLANG_ENABLE_OBJC_ARC = YES;
				CLANG_WARN_BOOL_CONVERSION = YES;
				CLANG_WARN_CONSTANT_CONVERSION = YES;
				CLANG_WARN_DIRECT_OBJC_ISA_USAGE = YES_ERROR;
				CLANG_WARN_EMPTY_BODY = YES;
				CLANG_WARN_ENUM_CONVERSION = YES;
				CLANG_WARN_INT_CONVERSION = YES;
				CLANG_WARN_OBJC_ROOT_CLASS = YES_ERROR;
				CLANG_WARN_UNREACHABLE_CODE = YES;
				CLANG_WARN__DUPLICATE_METHOD_MATCH = YES;
				"CODE_SIGN_IDENTITY[sdk=iphoneos*]" = "iPhone Developer";
				COPY_PHASE_STRIP = NO;
				DEBUG_INFORMATION_FORMAT = "dwarf-with-dsym";
				ENABLE_NS_ASSERTIONS = NO;
				ENABLE_STRICT_OBJC_MSGSEND = YES;
				GCC_C_LANGUAGE_STANDARD = gnu99;
				GCC_NO_COMMON_BLOCKS = YES;
				GCC_WARN_64_TO_32_BIT_CONVERSION = YES;
				GCC_WARN_ABOUT_RETURN_TYPE = YES_ERROR;
				GCC_WARN_UNDECLARED_SELECTOR = YES;
				GCC_WARN_UNINITIALIZED_AUTOS = YES_AGGRESSIVE;
				GCC_WARN_UNUSED_FUNCTION = YES;
				GCC_WARN_UNUSED_VARIABLE = YES;
				IPHONEOS_DEPLOYMENT_TARGET = 9.0;
				MTL_ENABLE_DEBUG_INFO = NO;
				SDKROOT = iphoneos;
				TARGETED_DEVICE_FAMILY = "1,2";
				VALIDATE_PRODUCT = YES;
			};
			name = Release;
		};
		7D4910251BC8BCC60053C0AA /* Debug */ = {
			isa = XCBuildConfiguration;
			baseConfigurationReference = 0545ABA053795985DC037FAD /* Pods.debug.xcconfig */;
			buildSettings = {
				ASSETCATALOG_COMPILER_APPICON_NAME = AppIcon;
				CLANG_ENABLE_MODULES = YES;
				INFOPLIST_FILE = mSmallDay/Info.plist;
				IPHONEOS_DEPLOYMENT_TARGET = 8.0;
				LD_RUNPATH_SEARCH_PATHS = "$(inherited) @executable_path/Frameworks";
				LIBRARY_SEARCH_PATHS = (
					"$(inherited)",
					"$(PROJECT_DIR)/mSmallDay/Classes/Vendor/UMSocial_Sdk_4.2.3",
					"$(PROJECT_DIR)/mSmallDay/Classes/Vendor/UMSocial_Sdk_Extra_Frameworks/Sina",
					"$(PROJECT_DIR)/mSmallDay/Classes/Vendor/UMSocial_Sdk_Extra_Frameworks/Wechat",
				);
				PRODUCT_BUNDLE_IDENTIFIER = cn.pike.mSmallDay;
				PRODUCT_NAME = "$(TARGET_NAME)";
				SWIFT_OBJC_BRIDGING_HEADER = "mSmallDay/Classes/Others/mSmallDay-Bridging-Header.h";
				SWIFT_OPTIMIZATION_LEVEL = "-Onone";
			};
			name = Debug;
		};
		7D4910261BC8BCC60053C0AA /* Release */ = {
			isa = XCBuildConfiguration;
			baseConfigurationReference = 948807915F235DEAA8848270 /* Pods.release.xcconfig */;
			buildSettings = {
				ASSETCATALOG_COMPILER_APPICON_NAME = AppIcon;
				CLANG_ENABLE_MODULES = YES;
				INFOPLIST_FILE = mSmallDay/Info.plist;
				IPHONEOS_DEPLOYMENT_TARGET = 8.0;
				LD_RUNPATH_SEARCH_PATHS = "$(inherited) @executable_path/Frameworks";
				LIBRARY_SEARCH_PATHS = (
					"$(inherited)",
					"$(PROJECT_DIR)/mSmallDay/Classes/Vendor/UMSocial_Sdk_4.2.3",
					"$(PROJECT_DIR)/mSmallDay/Classes/Vendor/UMSocial_Sdk_Extra_Frameworks/Sina",
					"$(PROJECT_DIR)/mSmallDay/Classes/Vendor/UMSocial_Sdk_Extra_Frameworks/Wechat",
				);
				PRODUCT_BUNDLE_IDENTIFIER = cn.pike.mSmallDay;
				PRODUCT_NAME = "$(TARGET_NAME)";
				SWIFT_OBJC_BRIDGING_HEADER = "mSmallDay/Classes/Others/mSmallDay-Bridging-Header.h";
			};
			name = Release;
		};
		7D4910281BC8BCC60053C0AA /* Debug */ = {
			isa = XCBuildConfiguration;
			buildSettings = {
				BUNDLE_LOADER = "$(TEST_HOST)";
				INFOPLIST_FILE = mSmallDayTests/Info.plist;
				LD_RUNPATH_SEARCH_PATHS = "$(inherited) @executable_path/Frameworks @loader_path/Frameworks";
				PRODUCT_BUNDLE_IDENTIFIER = cn.pike.mSmallDayTests;
				PRODUCT_NAME = "$(TARGET_NAME)";
				TEST_HOST = "$(BUILT_PRODUCTS_DIR)/mSmallDay.app/mSmallDay";
			};
			name = Debug;
		};
		7D4910291BC8BCC60053C0AA /* Release */ = {
			isa = XCBuildConfiguration;
			buildSettings = {
				BUNDLE_LOADER = "$(TEST_HOST)";
				INFOPLIST_FILE = mSmallDayTests/Info.plist;
				LD_RUNPATH_SEARCH_PATHS = "$(inherited) @executable_path/Frameworks @loader_path/Frameworks";
				PRODUCT_BUNDLE_IDENTIFIER = cn.pike.mSmallDayTests;
				PRODUCT_NAME = "$(TARGET_NAME)";
				TEST_HOST = "$(BUILT_PRODUCTS_DIR)/mSmallDay.app/mSmallDay";
			};
			name = Release;
		};
		7D49102B1BC8BCC60053C0AA /* Debug */ = {
			isa = XCBuildConfiguration;
			buildSettings = {
				INFOPLIST_FILE = mSmallDayUITests/Info.plist;
				LD_RUNPATH_SEARCH_PATHS = "$(inherited) @executable_path/Frameworks @loader_path/Frameworks";
				PRODUCT_BUNDLE_IDENTIFIER = cn.pike.mSmallDayUITests;
				PRODUCT_NAME = "$(TARGET_NAME)";
				TEST_TARGET_NAME = mSmallDay;
				USES_XCTRUNNER = YES;
			};
			name = Debug;
		};
		7D49102C1BC8BCC60053C0AA /* Release */ = {
			isa = XCBuildConfiguration;
			buildSettings = {
				INFOPLIST_FILE = mSmallDayUITests/Info.plist;
				LD_RUNPATH_SEARCH_PATHS = "$(inherited) @executable_path/Frameworks @loader_path/Frameworks";
				PRODUCT_BUNDLE_IDENTIFIER = cn.pike.mSmallDayUITests;
				PRODUCT_NAME = "$(TARGET_NAME)";
				TEST_TARGET_NAME = mSmallDay;
				USES_XCTRUNNER = YES;
			};
			name = Release;
		};
/* End XCBuildConfiguration section */

/* Begin XCConfigurationList section */
		7D490FF71BC8BCC60053C0AA /* Build configuration list for PBXProject "mSmallDay" */ = {
			isa = XCConfigurationList;
			buildConfigurations = (
				7D4910221BC8BCC60053C0AA /* Debug */,
				7D4910231BC8BCC60053C0AA /* Release */,
			);
			defaultConfigurationIsVisible = 0;
			defaultConfigurationName = Release;
		};
		7D4910241BC8BCC60053C0AA /* Build configuration list for PBXNativeTarget "mSmallDay" */ = {
			isa = XCConfigurationList;
			buildConfigurations = (
				7D4910251BC8BCC60053C0AA /* Debug */,
				7D4910261BC8BCC60053C0AA /* Release */,
			);
			defaultConfigurationIsVisible = 0;
			defaultConfigurationName = Release;
		};
		7D4910271BC8BCC60053C0AA /* Build configuration list for PBXNativeTarget "mSmallDayTests" */ = {
			isa = XCConfigurationList;
			buildConfigurations = (
				7D4910281BC8BCC60053C0AA /* Debug */,
				7D4910291BC8BCC60053C0AA /* Release */,
			);
			defaultConfigurationIsVisible = 0;
			defaultConfigurationName = Release;
		};
		7D49102A1BC8BCC60053C0AA /* Build configuration list for PBXNativeTarget "mSmallDayUITests" */ = {
			isa = XCConfigurationList;
			buildConfigurations = (
				7D49102B1BC8BCC60053C0AA /* Debug */,
				7D49102C1BC8BCC60053C0AA /* Release */,
			);
			defaultConfigurationIsVisible = 0;
			defaultConfigurationName = Release;
		};
/* End XCConfigurationList section */
	};
	rootObject = 7D490FF41BC8BCC60053C0AA /* Project object */;
}
