// !$*UTF8*$!
{
	archiveVersion = 1;
	classes = {
	};
	objectVersion = 46;
	objects = {

/* Begin PBXBuildFile section */
		7D4910051BC8BCC60053C0AA /* Main.storyboard in Resources */ = {isa = PBXBuildFile; fileRef = 7D4910031BC8BCC60053C0AA /* Main.storyboard */; };
		7D4910071BC8BCC60053C0AA /* Assets.xcassets in Resources */ = {isa = PBXBuildFile; fileRef = 7D4910061BC8BCC60053C0AA /* Assets.xcassets */; };
		7D49100A1BC8BCC60053C0AA /* LaunchScreen.storyboard in Resources */ = {isa = PBXBuildFile; fileRef = 7D4910081BC8BCC60053C0AA /* LaunchScreen.storyboard */; };
		7D4910151BC8BCC60053C0AA /* mSmallDayTests.swift in Sources */ = {isa = PBXBuildFile; fileRef = 7D4910141BC8BCC60053C0AA /* mSmallDayTests.swift */; };
		7D4910201BC8BCC60053C0AA /* mSmallDayUITests.swift in Sources */ = {isa = PBXBuildFile; fileRef = 7D49101F1BC8BCC60053C0AA /* mSmallDayUITests.swift */; };
		7D4910361BC8BF970053C0AA /* AppDelegate.swift in Sources */ = {isa = PBXBuildFile; fileRef = 7D4910351BC8BF970053C0AA /* AppDelegate.swift */; settings = {ASSET_TAGS = (); }; };
		7DADD1991BCBB3980056DED4 /* CityViewController.swift in Sources */ = {isa = PBXBuildFile; fileRef = 7DADD1981BCBB3980056DED4 /* CityViewController.swift */; settings = {ASSET_TAGS = (); }; };
		7DADD19B1BCBB4080056DED4 /* CityCollectionViewCell.swift in Sources */ = {isa = PBXBuildFile; fileRef = 7DADD19A1BCBB4080056DED4 /* CityCollectionViewCell.swift */; settings = {ASSET_TAGS = (); }; };
		7DADD19D1BCBB5A90056DED4 /* CityHeadCollectionReusableView.swift in Sources */ = {isa = PBXBuildFile; fileRef = 7DADD19C1BCBB5A90056DED4 /* CityHeadCollectionReusableView.swift */; settings = {ASSET_TAGS = (); }; };
		7DB3B5611BC8DE1D008CAD7F /* Macros.swift in Sources */ = {isa = PBXBuildFile; fileRef = 7DB3B5601BC8DE1D008CAD7F /* Macros.swift */; settings = {ASSET_TAGS = (); }; };
		7DB3B5631BC8E038008CAD7F /* UIColor+extension.swift in Sources */ = {isa = PBXBuildFile; fileRef = 7DB3B5621BC8E038008CAD7F /* UIColor+extension.swift */; settings = {ASSET_TAGS = (); }; };
		7DB3B5651BC900BA008CAD7F /* Theme.swift in Sources */ = {isa = PBXBuildFile; fileRef = 7DB3B5641BC900BA008CAD7F /* Theme.swift */; settings = {ASSET_TAGS = (); }; };
		7DB3B5671BC9045C008CAD7F /* UserInfoManager.swift in Sources */ = {isa = PBXBuildFile; fileRef = 7DB3B5661BC9045C008CAD7F /* UserInfoManager.swift */; settings = {ASSET_TAGS = (); }; };
		7DB3B56F1BC90978008CAD7F /* LeadpageViewController.swift in Sources */ = {isa = PBXBuildFile; fileRef = 7DB3B56E1BC90978008CAD7F /* LeadpageViewController.swift */; settings = {ASSET_TAGS = (); }; };
		7DB3B5711BC909A1008CAD7F /* MainTabBarController.swift in Sources */ = {isa = PBXBuildFile; fileRef = 7DB3B5701BC909A1008CAD7F /* MainTabBarController.swift */; settings = {ASSET_TAGS = (); }; };
		7DB3B5771BC90E93008CAD7F /* fourpage-375w-667h@2x.jpg in Resources */ = {isa = PBXBuildFile; fileRef = 7DB3B5731BC90E93008CAD7F /* fourpage-375w-667h@2x.jpg */; settings = {ASSET_TAGS = (); }; };
		7DB3B5781BC90E93008CAD7F /* fourpage-414w-736h@3x.jpg in Resources */ = {isa = PBXBuildFile; fileRef = 7DB3B5741BC90E93008CAD7F /* fourpage-414w-736h@3x.jpg */; settings = {ASSET_TAGS = (); }; };
		7DB3B5791BC90E93008CAD7F /* fourpage-568h@2x.jpg in Resources */ = {isa = PBXBuildFile; fileRef = 7DB3B5751BC90E93008CAD7F /* fourpage-568h@2x.jpg */; settings = {ASSET_TAGS = (); }; };
		7DB3B57A1BC90E93008CAD7F /* fourpage@2x.jpg in Resources */ = {isa = PBXBuildFile; fileRef = 7DB3B5761BC90E93008CAD7F /* fourpage@2x.jpg */; settings = {ASSET_TAGS = (); }; };
		7DB3B57C1BC91607008CAD7F /* MainNavigationController.swift in Sources */ = {isa = PBXBuildFile; fileRef = 7DB3B57B1BC91607008CAD7F /* MainNavigationController.swift */; settings = {ASSET_TAGS = (); }; };
		7DEE6D691BCB50E200B8FA77 /* ExploreViewController.swift in Sources */ = {isa = PBXBuildFile; fileRef = 7DEE6D681BCB50E200B8FA77 /* ExploreViewController.swift */; settings = {ASSET_TAGS = (); }; };
		7DEE6D6B1BCB50F800B8FA77 /* ExperienceViewController.swift in Sources */ = {isa = PBXBuildFile; fileRef = 7DEE6D6A1BCB50F800B8FA77 /* ExperienceViewController.swift */; settings = {ASSET_TAGS = (); }; };
		7DEE6D6D1BCB510C00B8FA77 /* ClassifyViewController.swift in Sources */ = {isa = PBXBuildFile; fileRef = 7DEE6D6C1BCB510C00B8FA77 /* ClassifyViewController.swift */; settings = {ASSET_TAGS = (); }; };
		7DEE6D6F1BCB511800B8FA77 /* MeViewController.swift in Sources */ = {isa = PBXBuildFile; fileRef = 7DEE6D6E1BCB511800B8FA77 /* MeViewController.swift */; settings = {ASSET_TAGS = (); }; };
		7DEE6D711BCB569100B8FA77 /* MainViewController.swift in Sources */ = {isa = PBXBuildFile; fileRef = 7DEE6D701BCB569100B8FA77 /* MainViewController.swift */; settings = {ASSET_TAGS = (); }; };
		7DEE6D731BCB58CA00B8FA77 /* UIView+extension.swift in Sources */ = {isa = PBXBuildFile; fileRef = 7DEE6D721BCB58CA00B8FA77 /* UIView+extension.swift */; settings = {ASSET_TAGS = (); }; };
		EAC50E5E87C437E3891B4215 /* Pods.framework in Frameworks */ = {isa = PBXBuildFile; fileRef = 3C05A2FF896AA102BFA3F469 /* Pods.framework */; settings = {ATTRIBUTES = (Weak, ); }; };
/* End PBXBuildFile section */

/* Begin PBXContainerItemProxy section */
		7D4910111BC8BCC60053C0AA /* PBXContainerItemProxy */ = {
			isa = PBXContainerItemProxy;
			containerPortal = 7D490FF41BC8BCC60053C0AA /* Project object */;
			proxyType = 1;
			remoteGlobalIDString = 7D490FFB1BC8BCC60053C0AA;
			remoteInfo = mSmallDay;
		};
		7D49101C1BC8BCC60053C0AA /* PBXContainerItemProxy */ = {
			isa = PBXContainerItemProxy;
			containerPortal = 7D490FF41BC8BCC60053C0AA /* Project object */;
			proxyType = 1;
			remoteGlobalIDString = 7D490FFB1BC8BCC60053C0AA;
			remoteInfo = mSmallDay;
		};
/* End PBXContainerItemProxy section */

/* Begin PBXFileReference section */
		0545ABA053795985DC037FAD /* Pods.debug.xcconfig */ = {isa = PBXFileReference; includeInIndex = 1; lastKnownFileType = text.xcconfig; name = Pods.debug.xcconfig; path = "Pods/Target Support Files/Pods/Pods.debug.xcconfig"; sourceTree = "<group>"; };
		3C05A2FF896AA102BFA3F469 /* Pods.framework */ = {isa = PBXFileReference; explicitFileType = wrapper.framework; includeInIndex = 0; path = Pods.framework; sourceTree = BUILT_PRODUCTS_DIR; };
		7D490FFC1BC8BCC60053C0AA /* mSmallDay.app */ = {isa = PBXFileReference; explicitFileType = wrapper.application; includeInIndex = 0; path = mSmallDay.app; sourceTree = BUILT_PRODUCTS_DIR; };
		7D4910041BC8BCC60053C0AA /* Base */ = {isa = PBXFileReference; lastKnownFileType = file.storyboard; name = Base; path = Base.lproj/Main.storyboard; sourceTree = "<group>"; };
		7D4910061BC8BCC60053C0AA /* Assets.xcassets */ = {isa = PBXFileReference; lastKnownFileType = folder.assetcatalog; path = Assets.xcassets; sourceTree = "<group>"; };
		7D4910091BC8BCC60053C0AA /* Base */ = {isa = PBXFileReference; lastKnownFileType = file.storyboard; name = Base; path = Base.lproj/LaunchScreen.storyboard; sourceTree = "<group>"; };
		7D49100B1BC8BCC60053C0AA /* Info.plist */ = {isa = PBXFileReference; lastKnownFileType = text.plist.xml; path = Info.plist; sourceTree = "<group>"; };
		7D4910101BC8BCC60053C0AA /* mSmallDayTests.xctest */ = {isa = PBXFileReference; explicitFileType = wrapper.cfbundle; includeInIndex = 0; path = mSmallDayTests.xctest; sourceTree = BUILT_PRODUCTS_DIR; };
		7D4910141BC8BCC60053C0AA /* mSmallDayTests.swift */ = {isa = PBXFileReference; lastKnownFileType = sourcecode.swift; path = mSmallDayTests.swift; sourceTree = "<group>"; };
		7D4910161BC8BCC60053C0AA /* Info.plist */ = {isa = PBXFileReference; lastKnownFileType = text.plist.xml; path = Info.plist; sourceTree = "<group>"; };
		7D49101B1BC8BCC60053C0AA /* mSmallDayUITests.xctest */ = {isa = PBXFileReference; explicitFileType = wrapper.cfbundle; includeInIndex = 0; path = mSmallDayUITests.xctest; sourceTree = BUILT_PRODUCTS_DIR; };
		7D49101F1BC8BCC60053C0AA /* mSmallDayUITests.swift */ = {isa = PBXFileReference; lastKnownFileType = sourcecode.swift; path = mSmallDayUITests.swift; sourceTree = "<group>"; };
		7D4910211BC8BCC60053C0AA /* Info.plist */ = {isa = PBXFileReference; lastKnownFileType = text.plist.xml; path = Info.plist; sourceTree = "<group>"; };
		7D4910351BC8BF970053C0AA /* AppDelegate.swift */ = {isa = PBXFileReference; fileEncoding = 4; lastKnownFileType = sourcecode.swift; path = AppDelegate.swift; sourceTree = "<group>"; };
		7DADD1981BCBB3980056DED4 /* CityViewController.swift */ = {isa = PBXFileReference; fileEncoding = 4; lastKnownFileType = sourcecode.swift; path = CityViewController.swift; sourceTree = "<group>"; };
		7DADD19A1BCBB4080056DED4 /* CityCollectionViewCell.swift */ = {isa = PBXFileReference; fileEncoding = 4; lastKnownFileType = sourcecode.swift; path = CityCollectionViewCell.swift; sourceTree = "<group>"; };
		7DADD19C1BCBB5A90056DED4 /* CityHeadCollectionReusableView.swift */ = {isa = PBXFileReference; fileEncoding = 4; lastKnownFileType = sourcecode.swift; path = CityHeadCollectionReusableView.swift; sourceTree = "<group>"; };
		7DB3B5601BC8DE1D008CAD7F /* Macros.swift */ = {isa = PBXFileReference; fileEncoding = 4; lastKnownFileType = sourcecode.swift; path = Macros.swift; sourceTree = "<group>"; };
		7DB3B5621BC8E038008CAD7F /* UIColor+extension.swift */ = {isa = PBXFileReference; fileEncoding = 4; lastKnownFileType = sourcecode.swift; path = "UIColor+extension.swift"; sourceTree = "<group>"; };
		7DB3B5641BC900BA008CAD7F /* Theme.swift */ = {isa = PBXFileReference; fileEncoding = 4; lastKnownFileType = sourcecode.swift; path = Theme.swift; sourceTree = "<group>"; };
		7DB3B5661BC9045C008CAD7F /* UserInfoManager.swift */ = {isa = PBXFileReference; fileEncoding = 4; lastKnownFileType = sourcecode.swift; path = UserInfoManager.swift; sourceTree = "<group>"; };
		7DB3B56C1BC905E0008CAD7F /* mSmallDay-Bridging-Header.h */ = {isa = PBXFileReference; fileEncoding = 4; lastKnownFileType = sourcecode.c.h; path = "mSmallDay-Bridging-Header.h"; sourceTree = "<group>"; };
		7DB3B56E1BC90978008CAD7F /* LeadpageViewController.swift */ = {isa = PBXFileReference; fileEncoding = 4; lastKnownFileType = sourcecode.swift; path = LeadpageViewController.swift; sourceTree = "<group>"; };
		7DB3B5701BC909A1008CAD7F /* MainTabBarController.swift */ = {isa = PBXFileReference; fileEncoding = 4; lastKnownFileType = sourcecode.swift; path = MainTabBarController.swift; sourceTree = "<group>"; };
		7DB3B5731BC90E93008CAD7F /* fourpage-375w-667h@2x.jpg */ = {isa = PBXFileReference; lastKnownFileType = image.jpeg; path = "fourpage-375w-667h@2x.jpg"; sourceTree = "<group>"; };
		7DB3B5741BC90E93008CAD7F /* fourpage-414w-736h@3x.jpg */ = {isa = PBXFileReference; lastKnownFileType = image.jpeg; path = "fourpage-414w-736h@3x.jpg"; sourceTree = "<group>"; };
		7DB3B5751BC90E93008CAD7F /* fourpage-568h@2x.jpg */ = {isa = PBXFileReference; lastKnownFileType = image.jpeg; path = "fourpage-568h@2x.jpg"; sourceTree = "<group>"; };
		7DB3B5761BC90E93008CAD7F /* fourpage@2x.jpg */ = {isa = PBXFileReference; lastKnownFileType = image.jpeg; path = "fourpage@2x.jpg"; sourceTree = "<group>"; };
		7DB3B57B1BC91607008CAD7F /* MainNavigationController.swift */ = {isa = PBXFileReference; fileEncoding = 4; lastKnownFileType = sourcecode.swift; path = MainNavigationController.swift; sourceTree = "<group>"; };
		7DEE6D681BCB50E200B8FA77 /* ExploreViewController.swift */ = {isa = PBXFileReference; fileEncoding = 4; lastKnownFileType = sourcecode.swift; path = ExploreViewController.swift; sourceTree = "<group>"; };
		7DEE6D6A1BCB50F800B8FA77 /* ExperienceViewController.swift */ = {isa = PBXFileReference; fileEncoding = 4; lastKnownFileType = sourcecode.swift; path = ExperienceViewController.swift; sourceTree = "<group>"; };
		7DEE6D6C1BCB510C00B8FA77 /* ClassifyViewController.swift */ = {isa = PBXFileReference; fileEncoding = 4; lastKnownFileType = sourcecode.swift; path = ClassifyViewController.swift; sourceTree = "<group>"; };
		7DEE6D6E1BCB511800B8FA77 /* MeViewController.swift */ = {isa = PBXFileReference; fileEncoding = 4; lastKnownFileType = sourcecode.swift; path = MeViewController.swift; sourceTree = "<group>"; };
		7DEE6D701BCB569100B8FA77 /* MainViewController.swift */ = {isa = PBXFileReference; fileEncoding = 4; lastKnownFileType = sourcecode.swift; path = MainViewController.swift; sourceTree = "<group>"; };
		7DEE6D721BCB58CA00B8FA77 /* UIView+extension.swift */ = {isa = PBXFileReference; fileEncoding = 4; lastKnownFileType = sourcecode.swift; path = "UIView+extension.swift"; sourceTree = "<group>"; };
		948807915F235DEAA8848270 /* Pods.release.xcconfig */ = {isa = PBXFileReference; includeInIndex = 1; lastKnownFileType = text.xcconfig; name = Pods.release.xcconfig; path = "Pods/Target Support Files/Pods/Pods.release.xcconfig"; sourceTree = "<group>"; };
/* End PBXFileReference section */

/* Begin PBXFrameworksBuildPhase section */
		7D490FF91BC8BCC60053C0AA /* Frameworks */ = {
			isa = PBXFrameworksBuildPhase;
			buildActionMask = 2147483647;
			files = (
				EAC50E5E87C437E3891B4215 /* Pods.framework in Frameworks */,
			);
			runOnlyForDeploymentPostprocessing = 0;
		};
		7D49100D1BC8BCC60053C0AA /* Frameworks */ = {
			isa = PBXFrameworksBuildPhase;
			buildActionMask = 2147483647;
			files = (
			);
			runOnlyForDeploymentPostprocessing = 0;
		};
		7D4910181BC8BCC60053C0AA /* Frameworks */ = {
			isa = PBXFrameworksBuildPhase;
			buildActionMask = 2147483647;
			files = (
			);
			runOnlyForDeploymentPostprocessing = 0;
		};
/* End PBXFrameworksBuildPhase section */

/* Begin PBXGroup section */
		7D490FF31BC8BCC60053C0AA = {
			isa = PBXGroup;
			children = (
				7D490FFE1BC8BCC60053C0AA /* mSmallDay */,
				7D4910131BC8BCC60053C0AA /* mSmallDayTests */,
				7D49101E1BC8BCC60053C0AA /* mSmallDayUITests */,
				7D490FFD1BC8BCC60053C0AA /* Products */,
				D730702366823DC7BF9C60DC /* Pods */,
				A7B95F9BDF7F627CA1BA2D2D /* Frameworks */,
			);
			sourceTree = "<group>";
		};
		7D490FFD1BC8BCC60053C0AA /* Products */ = {
			isa = PBXGroup;
			children = (
				7D490FFC1BC8BCC60053C0AA /* mSmallDay.app */,
				7D4910101BC8BCC60053C0AA /* mSmallDayTests.xctest */,
				7D49101B1BC8BCC60053C0AA /* mSmallDayUITests.xctest */,
			);
			name = Products;
			sourceTree = "<group>";
		};
		7D490FFE1BC8BCC60053C0AA /* mSmallDay */ = {
			isa = PBXGroup;
			children = (
				7D49102D1BC8BE840053C0AA /* Classes */,
				7D4910061BC8BCC60053C0AA /* Assets.xcassets */,
				7D49100B1BC8BCC60053C0AA /* Info.plist */,
			);
			path = mSmallDay;
			sourceTree = "<group>";
		};
		7D4910131BC8BCC60053C0AA /* mSmallDayTests */ = {
			isa = PBXGroup;
			children = (
				7D4910141BC8BCC60053C0AA /* mSmallDayTests.swift */,
				7D4910161BC8BCC60053C0AA /* Info.plist */,
			);
			path = mSmallDayTests;
			sourceTree = "<group>";
		};
		7D49101E1BC8BCC60053C0AA /* mSmallDayUITests */ = {
			isa = PBXGroup;
			children = (
				7D49101F1BC8BCC60053C0AA /* mSmallDayUITests.swift */,
				7D4910211BC8BCC60053C0AA /* Info.plist */,
			);
			path = mSmallDayUITests;
			sourceTree = "<group>";
		};
		7D49102D1BC8BE840053C0AA /* Classes */ = {
			isa = PBXGroup;
			children = (
				7D4910341BC8BF3D0053C0AA /* Vendor(第三方) */,
				7D4910331BC8BF300053C0AA /* Expand(扩展) */,
				7D4910311BC8BEFA0053C0AA /* UI(界面) */,
				7D4910301BC8BECA0053C0AA /* Tools(工具) */,
				7D49102F1BC8BEB50053C0AA /* Others */,
				7D49102E1BC8BE9D0053C0AA /* Resource(资源) */,
			);
			path = Classes;
			sourceTree = "<group>";
		};
		7D49102E1BC8BE9D0053C0AA /* Resource(资源) */ = {
			isa = PBXGroup;
			children = (
				7DB3B5721BC90E2F008CAD7F /* Newfeature */,
			);
			name = "Resource(资源)";
			path = Resource;
			sourceTree = "<group>";
		};
		7D49102F1BC8BEB50053C0AA /* Others */ = {
			isa = PBXGroup;
			children = (
				7D4910351BC8BF970053C0AA /* AppDelegate.swift */,
				7DB3B56C1BC905E0008CAD7F /* mSmallDay-Bridging-Header.h */,
				7D4910031BC8BCC60053C0AA /* Main.storyboard */,
				7D4910081BC8BCC60053C0AA /* LaunchScreen.storyboard */,
			);
			path = Others;
			sourceTree = "<group>";
		};
		7D4910301BC8BECA0053C0AA /* Tools(工具) */ = {
			isa = PBXGroup;
			children = (
				7DB3B5661BC9045C008CAD7F /* UserInfoManager.swift */,
			);
			name = "Tools(工具)";
			path = Tools;
			sourceTree = "<group>";
		};
		7D4910311BC8BEFA0053C0AA /* UI(界面) */ = {
			isa = PBXGroup;
			children = (
				7DEE6D671BCB509A00B8FA77 /* Me(我的) */,
				7DEE6D661BCB508000B8FA77 /* Classify(分类) */,
				7DEE6D651BCB506100B8FA77 /* Experience(体验) */,
				7DEE6D641BCB503800B8FA77 /* Explore(探店) */,
				7DB3B56D1BC90954008CAD7F /* Main(公共) */,
			);
			name = "UI(界面)";
			path = UI;
			sourceTree = "<group>";
		};
		7D4910331BC8BF300053C0AA /* Expand(扩展) */ = {
			isa = PBXGroup;
			children = (
				7D4910381BC8BFF00053C0AA /* Macros(常量) */,
				7D4910371BC8BFE20053C0AA /* Category(分类) */,
			);
			name = "Expand(扩展)";
			path = Expand;
			sourceTree = "<group>";
		};
		7D4910341BC8BF3D0053C0AA /* Vendor(第三方) */ = {
			isa = PBXGroup;
			children = (
			);
			name = "Vendor(第三方)";
			path = Vendor;
			sourceTree = "<group>";
		};
		7D4910371BC8BFE20053C0AA /* Category(分类) */ = {
			isa = PBXGroup;
			children = (
				7DB3B5621BC8E038008CAD7F /* UIColor+extension.swift */,
				7DEE6D721BCB58CA00B8FA77 /* UIView+extension.swift */,
			);
			name = "Category(分类)";
			path = Category;
			sourceTree = "<group>";
		};
		7D4910381BC8BFF00053C0AA /* Macros(常量) */ = {
			isa = PBXGroup;
			children = (
				7DB3B5601BC8DE1D008CAD7F /* Macros.swift */,
				7DB3B5641BC900BA008CAD7F /* Theme.swift */,
			);
			name = "Macros(常量)";
			path = Macros;
			sourceTree = "<group>";
		};
		7DADD1971BCBB3640056DED4 /* City(城市选择) */ = {
			isa = PBXGroup;
			children = (
				7DADD1981BCBB3980056DED4 /* CityViewController.swift */,
				7DADD19A1BCBB4080056DED4 /* CityCollectionViewCell.swift */,
				7DADD19C1BCBB5A90056DED4 /* CityHeadCollectionReusableView.swift */,
			);
			name = "City(城市选择)";
			path = City;
			sourceTree = "<group>";
		};
		7DB3B56D1BC90954008CAD7F /* Main(公共) */ = {
			isa = PBXGroup;
			children = (
				7DADD1971BCBB3640056DED4 /* City(城市选择) */,
				7DB3B57B1BC91607008CAD7F /* MainNavigationController.swift */,
				7DB3B56E1BC90978008CAD7F /* LeadpageViewController.swift */,
				7DB3B5701BC909A1008CAD7F /* MainTabBarController.swift */,
				7DEE6D701BCB569100B8FA77 /* MainViewController.swift */,
			);
			name = "Main(公共)";
			path = Main;
			sourceTree = "<group>";
		};
		7DB3B5721BC90E2F008CAD7F /* Newfeature */ = {
			isa = PBXGroup;
			children = (
				7DB3B5731BC90E93008CAD7F /* fourpage-375w-667h@2x.jpg */,
				7DB3B5741BC90E93008CAD7F /* fourpage-414w-736h@3x.jpg */,
				7DB3B5751BC90E93008CAD7F /* fourpage-568h@2x.jpg */,
				7DB3B5761BC90E93008CAD7F /* fourpage@2x.jpg */,
			);
			path = Newfeature;
			sourceTree = "<group>";
		};
		7DEE6D641BCB503800B8FA77 /* Explore(探店) */ = {
			isa = PBXGroup;
			children = (
				7DEE6D681BCB50E200B8FA77 /* ExploreViewController.swift */,
			);
			name = "Explore(探店)";
			path = Explore;
			sourceTree = "<group>";
		};
		7DEE6D651BCB506100B8FA77 /* Experience(体验) */ = {
			isa = PBXGroup;
			children = (
				7DEE6D6A1BCB50F800B8FA77 /* ExperienceViewController.swift */,
			);
			name = "Experience(体验)";
			path = Experience;
			sourceTree = "<group>";
		};
		7DEE6D661BCB508000B8FA77 /* Classify(分类) */ = {
			isa = PBXGroup;
			children = (
				7DEE6D6C1BCB510C00B8FA77 /* ClassifyViewController.swift */,
			);
			name = "Classify(分类)";
			path = Classify;
			sourceTree = "<group>";
		};
		7DEE6D671BCB509A00B8FA77 /* Me(我的) */ = {
			isa = PBXGroup;
			children = (
				7DEE6D6E1BCB511800B8FA77 /* MeViewController.swift */,
			);
			name = "Me(我的)";
			path = Me;
			sourceTree = "<group>";
		};
		A7B95F9BDF7F627CA1BA2D2D /* Frameworks */ = {
			isa = PBXGroup;
			children = (
				3C05A2FF896AA102BFA3F469 /* Pods.framework */,
			);
			name = Frameworks;
			sourceTree = "<group>";
		};
		D730702366823DC7BF9C60DC /* Pods */ = {
			isa = PBXGroup;
			children = (
				0545ABA053795985DC037FAD /* Pods.debug.xcconfig */,
				948807915F235DEAA8848270 /* Pods.release.xcconfig */,
			);
			name = Pods;
			sourceTree = "<group>";
		};
/* End PBXGroup section */

/* Begin PBXNativeTarget section */
		7D490FFB1BC8BCC60053C0AA /* mSmallDay */ = {
			isa = PBXNativeTarget;
			buildConfigurationList = 7D4910241BC8BCC60053C0AA /* Build configuration list for PBXNativeTarget "mSmallDay" */;
			buildPhases = (
				9B36E7FA7879B019AD197A04 /* Check Pods Manifest.lock */,
				7D490FF81BC8BCC60053C0AA /* Sources */,
				7D490FF91BC8BCC60053C0AA /* Frameworks */,
				7D490FFA1BC8BCC60053C0AA /* Resources */,
				B1726FBE229F6ACC4DF4E631 /* Embed Pods Frameworks */,
				75D153627BDED98C711BB523 /* Copy Pods Resources */,
			);
			buildRules = (
			);
			dependencies = (
			);
			name = mSmallDay;
			productName = mSmallDay;
			productReference = 7D490FFC1BC8BCC60053C0AA /* mSmallDay.app */;
			productType = "com.apple.product-type.application";
		};
		7D49100F1BC8BCC60053C0AA /* mSmallDayTests */ = {
			isa = PBXNativeTarget;
			buildConfigurationList = 7D4910271BC8BCC60053C0AA /* Build configuration list for PBXNativeTarget "mSmallDayTests" */;
			buildPhases = (
				7D49100C1BC8BCC60053C0AA /* Sources */,
				7D49100D1BC8BCC60053C0AA /* Frameworks */,
				7D49100E1BC8BCC60053C0AA /* Resources */,
			);
			buildRules = (
			);
			dependencies = (
				7D4910121BC8BCC60053C0AA /* PBXTargetDependency */,
			);
			name = mSmallDayTests;
			productName = mSmallDayTests;
			productReference = 7D4910101BC8BCC60053C0AA /* mSmallDayTests.xctest */;
			productType = "com.apple.product-type.bundle.unit-test";
		};
		7D49101A1BC8BCC60053C0AA /* mSmallDayUITests */ = {
			isa = PBXNativeTarget;
			buildConfigurationList = 7D49102A1BC8BCC60053C0AA /* Build configuration list for PBXNativeTarget "mSmallDayUITests" */;
			buildPhases = (
				7D4910171BC8BCC60053C0AA /* Sources */,
				7D4910181BC8BCC60053C0AA /* Frameworks */,
				7D4910191BC8BCC60053C0AA /* Resources */,
			);
			buildRules = (
			);
			dependencies = (
				7D49101D1BC8BCC60053C0AA /* PBXTargetDependency */,
			);
			name = mSmallDayUITests;
			productName = mSmallDayUITests;
			productReference = 7D49101B1BC8BCC60053C0AA /* mSmallDayUITests.xctest */;
			productType = "com.apple.product-type.bundle.ui-testing";
		};
/* End PBXNativeTarget section */

/* Begin PBXProject section */
		7D490FF41BC8BCC60053C0AA /* Project object */ = {
			isa = PBXProject;
			attributes = {
				LastSwiftUpdateCheck = 0700;
				LastUpgradeCheck = 0700;
				ORGANIZATIONNAME = pikeYoung;
				TargetAttributes = {
					7D490FFB1BC8BCC60053C0AA = {
						CreatedOnToolsVersion = 7.0.1;
					};
					7D49100F1BC8BCC60053C0AA = {
						CreatedOnToolsVersion = 7.0.1;
						TestTargetID = 7D490FFB1BC8BCC60053C0AA;
					};
					7D49101A1BC8BCC60053C0AA = {
						CreatedOnToolsVersion = 7.0.1;
						TestTargetID = 7D490FFB1BC8BCC60053C0AA;
					};
				};
			};
			buildConfigurationList = 7D490FF71BC8BCC60053C0AA /* Build configuration list for PBXProject "mSmallDay" */;
			compatibilityVersion = "Xcode 3.2";
			developmentRegion = English;
			hasScannedForEncodings = 0;
			knownRegions = (
				en,
				Base,
				"zh-Hans",
			);
			mainGroup = 7D490FF31BC8BCC60053C0AA;
			productRefGroup = 7D490FFD1BC8BCC60053C0AA /* Products */;
			projectDirPath = "";
			projectRoot = "";
			targets = (
				7D490FFB1BC8BCC60053C0AA /* mSmallDay */,
				7D49100F1BC8BCC60053C0AA /* mSmallDayTests */,
				7D49101A1BC8BCC60053C0AA /* mSmallDayUITests */,
			);
		};
/* End PBXProject section */

/* Begin PBXResourcesBuildPhase section */
		7D490FFA1BC8BCC60053C0AA /* Resources */ = {
			isa = PBXResourcesBuildPhase;
			buildActionMask = 2147483647;
			files = (
				7D49100A1BC8BCC60053C0AA /* LaunchScreen.storyboard in Resources */,
				7D4910071BC8BCC60053C0AA /* Assets.xcassets in Resources */,
				7DB3B5771BC90E93008CAD7F /* fourpage-375w-667h@2x.jpg in Resources */,
				7DB3B57A1BC90E93008CAD7F /* fourpage@2x.jpg in Resources */,
				7DB3B5781BC90E93008CAD7F /* fourpage-414w-736h@3x.jpg in Resources */,
				7DB3B5791BC90E93008CAD7F /* fourpage-568h@2x.jpg in Resources */,
				7D4910051BC8BCC60053C0AA /* Main.storyboard in Resources */,
			);
			runOnlyForDeploymentPostprocessing = 0;
		};
		7D49100E1BC8BCC60053C0AA /* Resources */ = {
			isa = PBXResourcesBuildPhase;
			buildActionMask = 2147483647;
			files = (
			);
			runOnlyForDeploymentPostprocessing = 0;
		};
		7D4910191BC8BCC60053C0AA /* Resources */ = {
			isa = PBXResourcesBuildPhase;
			buildActionMask = 2147483647;
			files = (
			);
			runOnlyForDeploymentPostprocessing = 0;
		};
/* End PBXResourcesBuildPhase section */

/* Begin PBXShellScriptBuildPhase section */
		75D153627BDED98C711BB523 /* Copy Pods Resources */ = {
			isa = PBXShellScriptBuildPhase;
			buildActionMask = 2147483647;
			files = (
			);
			inputPaths = (
			);
			name = "Copy Pods Resources";
			outputPaths = (
			);
			runOnlyForDeploymentPostprocessing = 0;
			shellPath = /bin/sh;
			shellScript = "\"${SRCROOT}/Pods/Target Support Files/Pods/Pods-resources.sh\"\n";
			showEnvVarsInLog = 0;
		};
		9B36E7FA7879B019AD197A04 /* Check Pods Manifest.lock */ = {
			isa = PBXShellScriptBuildPhase;
			buildActionMask = 2147483647;
			files = (
			);
			inputPaths = (
			);
			name = "Check Pods Manifest.lock";
			outputPaths = (
			);
			runOnlyForDeploymentPostprocessing = 0;
			shellPath = /bin/sh;
			shellScript = "diff \"${PODS_ROOT}/../Podfile.lock\" \"${PODS_ROOT}/Manifest.lock\" > /dev/null\nif [[ $? != 0 ]] ; then\n    cat << EOM\nerror: The sandbox is not in sync with the Podfile.lock. Run 'pod install' or update your CocoaPods installation.\nEOM\n    exit 1\nfi\n";
			showEnvVarsInLog = 0;
		};
		B1726FBE229F6ACC4DF4E631 /* Embed Pods Frameworks */ = {
			isa = PBXShellScriptBuildPhase;
			buildActionMask = 2147483647;
			files = (
			);
			inputPaths = (
			);
			name = "Embed Pods Frameworks";
			outputPaths = (
			);
			runOnlyForDeploymentPostprocessing = 0;
			shellPath = /bin/sh;
			shellScript = "\"${SRCROOT}/Pods/Target Support Files/Pods/Pods-frameworks.sh\"\n";
			showEnvVarsInLog = 0;
		};
/* End PBXShellScriptBuildPhase section */

/* Begin PBXSourcesBuildPhase section */
		7D490FF81BC8BCC60053C0AA /* Sources */ = {
			isa = PBXSourcesBuildPhase;
			buildActionMask = 2147483647;
			files = (
				7DB3B5631BC8E038008CAD7F /* UIColor+extension.swift in Sources */,
				7DEE6D711BCB569100B8FA77 /* MainViewController.swift in Sources */,
				7DB3B5651BC900BA008CAD7F /* Theme.swift in Sources */,
				7DEE6D6B1BCB50F800B8FA77 /* ExperienceViewController.swift in Sources */,
				7DADD19D1BCBB5A90056DED4 /* CityHeadCollectionReusableView.swift in Sources */,
				7DB3B57C1BC91607008CAD7F /* MainNavigationController.swift in Sources */,
				7DB3B5671BC9045C008CAD7F /* UserInfoManager.swift in Sources */,
				7DB3B5711BC909A1008CAD7F /* MainTabBarController.swift in Sources */,
				7DADD19B1BCBB4080056DED4 /* CityCollectionViewCell.swift in Sources */,
				7DEE6D6F1BCB511800B8FA77 /* MeViewController.swift in Sources */,
				7DEE6D691BCB50E200B8FA77 /* ExploreViewController.swift in Sources */,
				7DEE6D6D1BCB510C00B8FA77 /* ClassifyViewController.swift in Sources */,
				7DEE6D731BCB58CA00B8FA77 /* UIView+extension.swift in Sources */,
				7DADD1991BCBB3980056DED4 /* CityViewController.swift in Sources */,
				7DB3B56F1BC90978008CAD7F /* LeadpageViewController.swift in Sources */,
				7D4910361BC8BF970053C0AA /* AppDelegate.swift in Sources */,
				7DB3B5611BC8DE1D008CAD7F /* Macros.swift in Sources */,
			);
			runOnlyForDeploymentPostprocessing = 0;
		};
		7D49100C1BC8BCC60053C0AA /* Sources */ = {
			isa = PBXSourcesBuildPhase;
			buildActionMask = 2147483647;
			files = (
				7D4910151BC8BCC60053C0AA /* mSmallDayTests.swift in Sources */,
			);
			runOnlyForDeploymentPostprocessing = 0;
		};
		7D4910171BC8BCC60053C0AA /* Sources */ = {
			isa = PBXSourcesBuildPhase;
			buildActionMask = 2147483647;
			files = (
				7D4910201BC8BCC60053C0AA /* mSmallDayUITests.swift in Sources */,
			);
			runOnlyForDeploymentPostprocessing = 0;
		};
/* End PBXSourcesBuildPhase section */

/* Begin PBXTargetDependency section */
		7D4910121BC8BCC60053C0AA /* PBXTargetDependency */ = {
			isa = PBXTargetDependency;
			target = 7D490FFB1BC8BCC60053C0AA /* mSmallDay */;
			targetProxy = 7D4910111BC8BCC60053C0AA /* PBXContainerItemProxy */;
		};
		7D49101D1BC8BCC60053C0AA /* PBXTargetDependency */ = {
			isa = PBXTargetDependency;
			target = 7D490FFB1BC8BCC60053C0AA /* mSmallDay */;
			targetProxy = 7D49101C1BC8BCC60053C0AA /* PBXContainerItemProxy */;
		};
/* End PBXTargetDependency section */

/* Begin PBXVariantGroup section */
		7D4910031BC8BCC60053C0AA /* Main.storyboard */ = {
			isa = PBXVariantGroup;
			children = (
				7D4910041BC8BCC60053C0AA /* Base */,
			);
			name = Main.storyboard;
			path = ../..;
			sourceTree = "<group>";
		};
		7D4910081BC8BCC60053C0AA /* LaunchScreen.storyboard */ = {
			isa = PBXVariantGroup;
			children = (
				7D4910091BC8BCC60053C0AA /* Base */,
			);
			name = LaunchScreen.storyboard;
			path = ../..;
			sourceTree = "<group>";
		};
/* End PBXVariantGroup section */

/* Begin XCBuildConfiguration section */
		7D4910221BC8BCC60053C0AA /* Debug */ = {
			isa = XCBuildConfiguration;
			buildSettings = {
				ALWAYS_SEARCH_USER_PATHS = NO;
				CLANG_CXX_LANGUAGE_STANDARD = "gnu++0x";
				CLANG_CXX_LIBRARY = "libc++";
				CLANG_ENABLE_MODULES = YES;
				CLANG_ENABLE_OBJC_ARC = YES;
				CLANG_WARN_BOOL_CONVERSION = YES;
				CLANG_WARN_CONSTANT_CONVERSION = YES;
				CLANG_WARN_DIRECT_OBJC_ISA_USAGE = YES_ERROR;
				CLANG_WARN_EMPTY_BODY = YES;
				CLANG_WARN_ENUM_CONVERSION = YES;
				CLANG_WARN_INT_CONVERSION = YES;
				CLANG_WARN_OBJC_ROOT_CLASS = YES_ERROR;
				CLANG_WARN_UNREACHABLE_CODE = YES;
				CLANG_WARN__DUPLICATE_METHOD_MATCH = YES;
				"CODE_SIGN_IDENTITY[sdk=iphoneos*]" = "iPhone Developer";
				COPY_PHASE_STRIP = NO;
				DEBUG_INFORMATION_FORMAT = dwarf;
				ENABLE_STRICT_OBJC_MSGSEND = YES;
				ENABLE_TESTABILITY = YES;
				GCC_C_LANGUAGE_STANDARD = gnu99;
				GCC_DYNAMIC_NO_PIC = NO;
				GCC_NO_COMMON_BLOCKS = YES;
				GCC_OPTIMIZATION_LEVEL = 0;
				GCC_PREPROCESSOR_DEFINITIONS = (
					"DEBUG=1",
					"$(inherited)",
				);
				GCC_WARN_64_TO_32_BIT_CONVERSION = YES;
				GCC_WARN_ABOUT_RETURN_TYPE = YES_ERROR;
				GCC_WARN_UNDECLARED_SELECTOR = YES;
				GCC_WARN_UNINITIALIZED_AUTOS = YES_AGGRESSIVE;
				GCC_WARN_UNUSED_FUNCTION = YES;
				GCC_WARN_UNUSED_VARIABLE = YES;
				IPHONEOS_DEPLOYMENT_TARGET = 9.0;
				MTL_ENABLE_DEBUG_INFO = YES;
				ONLY_ACTIVE_ARCH = YES;
				SDKROOT = iphoneos;
				SWIFT_OPTIMIZATION_LEVEL = "-Onone";
				TARGETED_DEVICE_FAMILY = "1,2";
			};
			name = Debug;
		};
		7D4910231BC8BCC60053C0AA /* Release */ = {
			isa = XCBuildConfiguration;
			buildSettings = {
				ALWAYS_SEARCH_USER_PATHS = NO;
				CLANG_CXX_LANGUAGE_STANDARD = "gnu++0x";
				CLANG_CXX_LIBRARY = "libc++";
				CLANG_ENABLE_MODULES = YES;
				CLANG_ENABLE_OBJC_ARC = YES;
				CLANG_WARN_BOOL_CONVERSION = YES;
				CLANG_WARN_CONSTANT_CONVERSION = YES;
				CLANG_WARN_DIRECT_OBJC_ISA_USAGE = YES_ERROR;
				CLANG_WARN_EMPTY_BODY = YES;
				CLANG_WARN_ENUM_CONVERSION = YES;
				CLANG_WARN_INT_CONVERSION = YES;
				CLANG_WARN_OBJC_ROOT_CLASS = YES_ERROR;
				CLANG_WARN_UNREACHABLE_CODE = YES;
				CLANG_WARN__DUPLICATE_METHOD_MATCH = YES;
				"CODE_SIGN_IDENTITY[sdk=iphoneos*]" = "iPhone Developer";
				COPY_PHASE_STRIP = NO;
				DEBUG_INFORMATION_FORMAT = "dwarf-with-dsym";
				ENABLE_NS_ASSERTIONS = NO;
				ENABLE_STRICT_OBJC_MSGSEND = YES;
				GCC_C_LANGUAGE_STANDARD = gnu99;
				GCC_NO_COMMON_BLOCKS = YES;
				GCC_WARN_64_TO_32_BIT_CONVERSION = YES;
				GCC_WARN_ABOUT_RETURN_TYPE = YES_ERROR;
				GCC_WARN_UNDECLARED_SELECTOR = YES;
				GCC_WARN_UNINITIALIZED_AUTOS = YES_AGGRESSIVE;
				GCC_WARN_UNUSED_FUNCTION = YES;
				GCC_WARN_UNUSED_VARIABLE = YES;
				IPHONEOS_DEPLOYMENT_TARGET = 9.0;
				MTL_ENABLE_DEBUG_INFO = NO;
				SDKROOT = iphoneos;
				TARGETED_DEVICE_FAMILY = "1,2";
				VALIDATE_PRODUCT = YES;
			};
			name = Release;
		};
		7D4910251BC8BCC60053C0AA /* Debug */ = {
			isa = XCBuildConfiguration;
			baseConfigurationReference = 0545ABA053795985DC037FAD /* Pods.debug.xcconfig */;
			buildSettings = {
				ASSETCATALOG_COMPILER_APPICON_NAME = AppIcon;
				CLANG_ENABLE_MODULES = YES;
				INFOPLIST_FILE = mSmallDay/Info.plist;
				IPHONEOS_DEPLOYMENT_TARGET = 8.0;
				LD_RUNPATH_SEARCH_PATHS = "$(inherited) @executable_path/Frameworks";
				LIBRARY_SEARCH_PATHS = (
					"$(inherited)",
					"$(PROJECT_DIR)/mSmallDay/Classes/Vendor/UMSocial_Sdk_4.2.3",
					"$(PROJECT_DIR)/mSmallDay/Classes/Vendor/UMSocial_Sdk_Extra_Frameworks/Sina",
					"$(PROJECT_DIR)/mSmallDay/Classes/Vendor/UMSocial_Sdk_Extra_Frameworks/Wechat",
				);
				PRODUCT_BUNDLE_IDENTIFIER = cn.pike.mSmallDay;
				PRODUCT_NAME = "$(TARGET_NAME)";
				SWIFT_OBJC_BRIDGING_HEADER = "mSmallDay/Classes/Others/mSmallDay-Bridging-Header.h";
				SWIFT_OPTIMIZATION_LEVEL = "-Onone";
			};
			name = Debug;
		};
		7D4910261BC8BCC60053C0AA /* Release */ = {
			isa = XCBuildConfiguration;
			baseConfigurationReference = 948807915F235DEAA8848270 /* Pods.release.xcconfig */;
			buildSettings = {
				ASSETCATALOG_COMPILER_APPICON_NAME = AppIcon;
				CLANG_ENABLE_MODULES = YES;
				INFOPLIST_FILE = mSmallDay/Info.plist;
				IPHONEOS_DEPLOYMENT_TARGET = 8.0;
				LD_RUNPATH_SEARCH_PATHS = "$(inherited) @executable_path/Frameworks";
				LIBRARY_SEARCH_PATHS = (
					"$(inherited)",
					"$(PROJECT_DIR)/mSmallDay/Classes/Vendor/UMSocial_Sdk_4.2.3",
					"$(PROJECT_DIR)/mSmallDay/Classes/Vendor/UMSocial_Sdk_Extra_Frameworks/Sina",
					"$(PROJECT_DIR)/mSmallDay/Classes/Vendor/UMSocial_Sdk_Extra_Frameworks/Wechat",
				);
				PRODUCT_BUNDLE_IDENTIFIER = cn.pike.mSmallDay;
				PRODUCT_NAME = "$(TARGET_NAME)";
				SWIFT_OBJC_BRIDGING_HEADER = "mSmallDay/Classes/Others/mSmallDay-Bridging-Header.h";
			};
			name = Release;
		};
		7D4910281BC8BCC60053C0AA /* Debug */ = {
			isa = XCBuildConfiguration;
			buildSettings = {
				BUNDLE_LOADER = "$(TEST_HOST)";
				INFOPLIST_FILE = mSmallDayTests/Info.plist;
				LD_RUNPATH_SEARCH_PATHS = "$(inherited) @executable_path/Frameworks @loader_path/Frameworks";
				PRODUCT_BUNDLE_IDENTIFIER = cn.pike.mSmallDayTests;
				PRODUCT_NAME = "$(TARGET_NAME)";
				TEST_HOST = "$(BUILT_PRODUCTS_DIR)/mSmallDay.app/mSmallDay";
			};
			name = Debug;
		};
		7D4910291BC8BCC60053C0AA /* Release */ = {
			isa = XCBuildConfiguration;
			buildSettings = {
				BUNDLE_LOADER = "$(TEST_HOST)";
				INFOPLIST_FILE = mSmallDayTests/Info.plist;
				LD_RUNPATH_SEARCH_PATHS = "$(inherited) @executable_path/Frameworks @loader_path/Frameworks";
				PRODUCT_BUNDLE_IDENTIFIER = cn.pike.mSmallDayTests;
				PRODUCT_NAME = "$(TARGET_NAME)";
				TEST_HOST = "$(BUILT_PRODUCTS_DIR)/mSmallDay.app/mSmallDay";
			};
			name = Release;
		};
		7D49102B1BC8BCC60053C0AA /* Debug */ = {
			isa = XCBuildConfiguration;
			buildSettings = {
				INFOPLIST_FILE = mSmallDayUITests/Info.plist;
				LD_RUNPATH_SEARCH_PATHS = "$(inherited) @executable_path/Frameworks @loader_path/Frameworks";
				PRODUCT_BUNDLE_IDENTIFIER = cn.pike.mSmallDayUITests;
				PRODUCT_NAME = "$(TARGET_NAME)";
				TEST_TARGET_NAME = mSmallDay;
				USES_XCTRUNNER = YES;
			};
			name = Debug;
		};
		7D49102C1BC8BCC60053C0AA /* Release */ = {
			isa = XCBuildConfiguration;
			buildSettings = {
				INFOPLIST_FILE = mSmallDayUITests/Info.plist;
				LD_RUNPATH_SEARCH_PATHS = "$(inherited) @executable_path/Frameworks @loader_path/Frameworks";
				PRODUCT_BUNDLE_IDENTIFIER = cn.pike.mSmallDayUITests;
				PRODUCT_NAME = "$(TARGET_NAME)";
				TEST_TARGET_NAME = mSmallDay;
				USES_XCTRUNNER = YES;
			};
			name = Release;
		};
/* End XCBuildConfiguration section */

/* Begin XCConfigurationList section */
		7D490FF71BC8BCC60053C0AA /* Build configuration list for PBXProject "mSmallDay" */ = {
			isa = XCConfigurationList;
			buildConfigurations = (
				7D4910221BC8BCC60053C0AA /* Debug */,
				7D4910231BC8BCC60053C0AA /* Release */,
			);
			defaultConfigurationIsVisible = 0;
			defaultConfigurationName = Release;
		};
		7D4910241BC8BCC60053C0AA /* Build configuration list for PBXNativeTarget "mSmallDay" */ = {
			isa = XCConfigurationList;
			buildConfigurations = (
				7D4910251BC8BCC60053C0AA /* Debug */,
				7D4910261BC8BCC60053C0AA /* Release */,
			);
			defaultConfigurationIsVisible = 0;
			defaultConfigurationName = Release;
		};
		7D4910271BC8BCC60053C0AA /* Build configuration list for PBXNativeTarget "mSmallDayTests" */ = {
			isa = XCConfigurationList;
			buildConfigurations = (
				7D4910281BC8BCC60053C0AA /* Debug */,
				7D4910291BC8BCC60053C0AA /* Release */,
			);
			defaultConfigurationIsVisible = 0;
			defaultConfigurationName = Release;
		};
		7D49102A1BC8BCC60053C0AA /* Build configuration list for PBXNativeTarget "mSmallDayUITests" */ = {
			isa = XCConfigurationList;
			buildConfigurations = (
				7D49102B1BC8BCC60053C0AA /* Debug */,
				7D49102C1BC8BCC60053C0AA /* Release */,
			);
			defaultConfigurationIsVisible = 0;
			defaultConfigurationName = Release;
		};
/* End XCConfigurationList section */
	};
	rootObject = 7D490FF41BC8BCC60053C0AA /* Project object */;
}
